// !$*UTF8*$!
{
	archiveVersion = 1;
	classes = {
	};
	objectVersion = 48;
	objects = {

/* Begin PBXBuildFile section */
		0E5809374FDD054CEE2192BC /* Pods_LoanGuide.framework in Frameworks */ = {isa = PBXBuildFile; fileRef = 59662C5D04089F1B2208BDD1 /* Pods_LoanGuide.framework */; };
		E00774DA20269ACF00350BE1 /* LGRecordViewController.swift in Sources */ = {isa = PBXBuildFile; fileRef = E00774D920269ACF00350BE1 /* LGRecordViewController.swift */; };
		E00EE00620390D7B00F7A21C /* LGReportSectionTitleTableViewCell.swift in Sources */ = {isa = PBXBuildFile; fileRef = E00EE00520390D7B00F7A21C /* LGReportSectionTitleTableViewCell.swift */; };
		E00EFB9F201D76610022F77D /* LGSignupViewController.swift in Sources */ = {isa = PBXBuildFile; fileRef = E00EFB9E201D76610022F77D /* LGSignupViewController.swift */; };
		E011E5F22023092F00FC3BF0 /* LGProductDetailViewController.swift in Sources */ = {isa = PBXBuildFile; fileRef = E011E5F12023092F00FC3BF0 /* LGProductDetailViewController.swift */; };
		E011E5F42023419100FC3BF0 /* LGProductDetailTableViewCell.swift in Sources */ = {isa = PBXBuildFile; fileRef = E011E5F32023419100FC3BF0 /* LGProductDetailTableViewCell.swift */; };
		E0173BC6203140510036D814 /* LGCreditService.swift in Sources */ = {isa = PBXBuildFile; fileRef = E0173BC5203140510036D814 /* LGCreditService.swift */; };
		E017C4582022A55800884929 /* LGCreditCardTableViewCell.swift in Sources */ = {isa = PBXBuildFile; fileRef = E017C4572022A55800884929 /* LGCreditCardTableViewCell.swift */; };
		E028664220302EEE00D0AC54 /* String+Index.swift in Sources */ = {isa = PBXBuildFile; fileRef = E028664120302EEE00D0AC54 /* String+Index.swift */; };
		E02AB1B2201F088F00F90E69 /* LGVericationViewController.swift in Sources */ = {isa = PBXBuildFile; fileRef = E02AB1B1201F088F00F90E69 /* LGVericationViewController.swift */; };
		E02AB1B4201F09F300F90E69 /* LGVericationTableViewCell.swift in Sources */ = {isa = PBXBuildFile; fileRef = E02AB1B3201F09F300F90E69 /* LGVericationTableViewCell.swift */; };
		E02AB1B6201F0D5000F90E69 /* LGRecommendDetailViewController.swift in Sources */ = {isa = PBXBuildFile; fileRef = E02AB1B5201F0D5000F90E69 /* LGRecommendDetailViewController.swift */; };
		E02AB1B8201F0D9E00F90E69 /* LGNormalDetailViewController.swift in Sources */ = {isa = PBXBuildFile; fileRef = E02AB1B7201F0D9E00F90E69 /* LGNormalDetailViewController.swift */; };
		E02AB1BB201F121300F90E69 /* LGRecommendDetailHeadTableViewCell.swift in Sources */ = {isa = PBXBuildFile; fileRef = E02AB1BA201F121300F90E69 /* LGRecommendDetailHeadTableViewCell.swift */; };
		E030DA0A20399F400006AB89 /* LGReportContentTableViewCell.swift in Sources */ = {isa = PBXBuildFile; fileRef = E030DA0920399F400006AB89 /* LGReportContentTableViewCell.swift */; };
		E030DA0C2039A3F60006AB89 /* LGReportRecordTableViewCell.swift in Sources */ = {isa = PBXBuildFile; fileRef = E030DA0B2039A3F60006AB89 /* LGReportRecordTableViewCell.swift */; };
		E030DA0E2039A9620006AB89 /* LGReportApplyTableViewCell.swift in Sources */ = {isa = PBXBuildFile; fileRef = E030DA0D2039A9620006AB89 /* LGReportApplyTableViewCell.swift */; };
		E030DA102039A96F0006AB89 /* LGReportRecommendTableViewCell.swift in Sources */ = {isa = PBXBuildFile; fileRef = E030DA0F2039A96F0006AB89 /* LGReportRecommendTableViewCell.swift */; };
		E0380F9F2022B5680029EF12 /* LGNormalDetailHeadTableViewCell.swift in Sources */ = {isa = PBXBuildFile; fileRef = E0380F9E2022B5680029EF12 /* LGNormalDetailHeadTableViewCell.swift */; };
		E03F6448202ECAAE00F20DB6 /* LGQRCodeViewController.swift in Sources */ = {isa = PBXBuildFile; fileRef = E03F6447202ECAAE00F20DB6 /* LGQRCodeViewController.swift */; };
		E03F88B8201B665400862C53 /* LGHomeTableHeaderView.swift in Sources */ = {isa = PBXBuildFile; fileRef = E03F88B7201B665400862C53 /* LGHomeTableHeaderView.swift */; };
		E03F88BB201B6D6500862C53 /* LGRecommendTableViewCell.swift in Sources */ = {isa = PBXBuildFile; fileRef = E03F88BA201B6D6500862C53 /* LGRecommendTableViewCell.swift */; };
		E041FF3B20380BE6001C7DFD /* LGReportViewController.swift in Sources */ = {isa = PBXBuildFile; fileRef = E041FF3A20380BE6001C7DFD /* LGReportViewController.swift */; };
		E042251A202BDE7000196A1F /* LGCreditCheckFlowTableViewCell.swift in Sources */ = {isa = PBXBuildFile; fileRef = E0422519202BDE7000196A1F /* LGCreditCheckFlowTableViewCell.swift */; };
		E0463DDC20271EDF004F1CD1 /* LGUserAgreementViewController.swift in Sources */ = {isa = PBXBuildFile; fileRef = E0463DDB20271EDF004F1CD1 /* LGUserAgreementViewController.swift */; };
		E04BAB64201CC7BA00DB5421 /* LGLoginViewController.swift in Sources */ = {isa = PBXBuildFile; fileRef = E04BAB63201CC7BA00DB5421 /* LGLoginViewController.swift */; };
		E04C75BA2022F54100F56F0B /* LGNormalDetailContentTableViewCell.swift in Sources */ = {isa = PBXBuildFile; fileRef = E04C75B92022F54100F56F0B /* LGNormalDetailContentTableViewCell.swift */; };
		E04C75BC2022F7B500F56F0B /* LGNormalDetailApplyTableViewCell.swift in Sources */ = {isa = PBXBuildFile; fileRef = E04C75BB2022F7B500F56F0B /* LGNormalDetailApplyTableViewCell.swift */; };
		E04C75BF2023035600F56F0B /* LGHttpService.swift in Sources */ = {isa = PBXBuildFile; fileRef = E04C75BE2023035600F56F0B /* LGHttpService.swift */; };
		E04EE515202E7EEB00718AA5 /* LGCreditCheckInfoTableViewCell.swift in Sources */ = {isa = PBXBuildFile; fileRef = E04EE514202E7EEB00718AA5 /* LGCreditCheckInfoTableViewCell.swift */; };
		E04EE517202E8CCF00718AA5 /* LGCreditCheckVericationViewController.swift in Sources */ = {isa = PBXBuildFile; fileRef = E04EE516202E8CCF00718AA5 /* LGCreditCheckVericationViewController.swift */; };
		E04EE519202E8D3100718AA5 /* LGCreditCheckAgreementTableViewCell.swift in Sources */ = {isa = PBXBuildFile; fileRef = E04EE518202E8D3100718AA5 /* LGCreditCheckAgreementTableViewCell.swift */; };
		E0532D2320259B2300020ED1 /* LGMineService.swift in Sources */ = {isa = PBXBuildFile; fileRef = E0532D2220259B2300020ED1 /* LGMineService.swift */; };
		E0532D2520259EAD00020ED1 /* LGQuestionViewController.swift in Sources */ = {isa = PBXBuildFile; fileRef = E0532D2420259EAD00020ED1 /* LGQuestionViewController.swift */; };
		E0532D272025A06400020ED1 /* LGMineModel.swift in Sources */ = {isa = PBXBuildFile; fileRef = E0532D262025A06400020ED1 /* LGMineModel.swift */; };
		E0532D292025A08A00020ED1 /* LGQuestionModel.swift in Sources */ = {isa = PBXBuildFile; fileRef = E0532D282025A08A00020ED1 /* LGQuestionModel.swift */; };
		E0532D2C2025AA1400020ED1 /* LGQuestionHeaderTableViewCell.swift in Sources */ = {isa = PBXBuildFile; fileRef = E0532D2B2025AA1400020ED1 /* LGQuestionHeaderTableViewCell.swift */; };
		E0532D2E2025AA2700020ED1 /* LGQuestionContentTableViewCell.swift in Sources */ = {isa = PBXBuildFile; fileRef = E0532D2D2025AA2700020ED1 /* LGQuestionContentTableViewCell.swift */; };
		E0532D302025AA3500020ED1 /* LGQuestionQuestionTableViewCell.swift in Sources */ = {isa = PBXBuildFile; fileRef = E0532D2F2025AA3500020ED1 /* LGQuestionQuestionTableViewCell.swift */; };
		E0532D322025DA8900020ED1 /* LGMessageViewController.swift in Sources */ = {isa = PBXBuildFile; fileRef = E0532D312025DA8900020ED1 /* LGMessageViewController.swift */; };
		E0532D342025DBB000020ED1 /* LGMessageTableViewCell.swift in Sources */ = {isa = PBXBuildFile; fileRef = E0532D332025DBB000020ED1 /* LGMessageTableViewCell.swift */; };
		E0532D362025E39F00020ED1 /* LGMessageModel.swift in Sources */ = {isa = PBXBuildFile; fileRef = E0532D352025E39F00020ED1 /* LGMessageModel.swift */; };
		E053F3AF201B276A0066FD1E /* LGNavigationController.swift in Sources */ = {isa = PBXBuildFile; fileRef = E053F3AE201B276A0066FD1E /* LGNavigationController.swift */; };
		E053F3B1201B27910066FD1E /* Define.swift in Sources */ = {isa = PBXBuildFile; fileRef = E053F3B0201B27910066FD1E /* Define.swift */; };
		E053F3B3201B2AD90066FD1E /* LGLoanViewController.swift in Sources */ = {isa = PBXBuildFile; fileRef = E053F3B2201B2AD90066FD1E /* LGLoanViewController.swift */; };
		E053F3B5201B2B010066FD1E /* LGCreditCardViewController.swift in Sources */ = {isa = PBXBuildFile; fileRef = E053F3B4201B2B010066FD1E /* LGCreditCardViewController.swift */; };
		E053F3B7201B2B090066FD1E /* LGMineViewController.swift in Sources */ = {isa = PBXBuildFile; fileRef = E053F3B6201B2B090066FD1E /* LGMineViewController.swift */; };
		E058D3B820429D0700AFA063 /* libMiPushSDK.a in Frameworks */ = {isa = PBXBuildFile; fileRef = E058D3B620429D0700AFA063 /* libMiPushSDK.a */; };
		E058D3BA20429E3600AFA063 /* UserNotifications.framework in Frameworks */ = {isa = PBXBuildFile; fileRef = E058D3B920429E3600AFA063 /* UserNotifications.framework */; };
		E058D3BC20429E7500AFA063 /* libresolv.tbd in Frameworks */ = {isa = PBXBuildFile; fileRef = E058D3BB20429E7500AFA063 /* libresolv.tbd */; };
		E058D3BE20429E7F00AFA063 /* libxml2.tbd in Frameworks */ = {isa = PBXBuildFile; fileRef = E058D3BD20429E7F00AFA063 /* libxml2.tbd */; };
		E058D3C020429E8700AFA063 /* libz.tbd in Frameworks */ = {isa = PBXBuildFile; fileRef = E058D3BF20429E8700AFA063 /* libz.tbd */; };
		E058D3C220429EA800AFA063 /* SystemConfiguration.framework in Frameworks */ = {isa = PBXBuildFile; fileRef = E058D3C120429EA800AFA063 /* SystemConfiguration.framework */; };
		E058D3C420429EB200AFA063 /* MobileCoreServices.framework in Frameworks */ = {isa = PBXBuildFile; fileRef = E058D3C320429EB200AFA063 /* MobileCoreServices.framework */; };
		E058D3C620429EED00AFA063 /* CFNetwork.framework in Frameworks */ = {isa = PBXBuildFile; fileRef = E058D3C520429EED00AFA063 /* CFNetwork.framework */; };
		E058D3C820429EF800AFA063 /* CoreTelephony.framework in Frameworks */ = {isa = PBXBuildFile; fileRef = E058D3C720429EF800AFA063 /* CoreTelephony.framework */; };
		E05BA3D12020A3D800E2D53D /* LGRecommendTitleTableViewCell.swift in Sources */ = {isa = PBXBuildFile; fileRef = E05BA3D02020A3D800E2D53D /* LGRecommendTitleTableViewCell.swift */; };
		E05BA3D32020AA6D00E2D53D /* LGRecommendDetailInfoTableViewCell.swift in Sources */ = {isa = PBXBuildFile; fileRef = E05BA3D22020AA6D00E2D53D /* LGRecommendDetailInfoTableViewCell.swift */; };
		E05DDEC3203CFE9D00D44395 /* LGCreditReportModel.swift in Sources */ = {isa = PBXBuildFile; fileRef = E05DDEC2203CFE9D00D44395 /* LGCreditReportModel.swift */; };
		E0600C2C2021E3980007B732 /* LGDropMenuTableViewCell.swift in Sources */ = {isa = PBXBuildFile; fileRef = E0600C2B2021E3980007B732 /* LGDropMenuTableViewCell.swift */; };
		E067CF52201F5B0E001193FD /* LGRecommendCheckDetailTableViewCell.swift in Sources */ = {isa = PBXBuildFile; fileRef = E067CF51201F5B0E001193FD /* LGRecommendCheckDetailTableViewCell.swift */; };
		E072DB93201B2DA000368FD3 /* LGViewController.swift in Sources */ = {isa = PBXBuildFile; fileRef = E072DB92201B2DA000368FD3 /* LGViewController.swift */; };
		E07537352027583E00C68424 /* LGLoanFlowModel.swift in Sources */ = {isa = PBXBuildFile; fileRef = E07537342027583E00C68424 /* LGLoanFlowModel.swift */; };
		E075373720283B9F00C68424 /* LGNormalDetailFlowTableViewCell.swift in Sources */ = {isa = PBXBuildFile; fileRef = E075373620283B9F00C68424 /* LGNormalDetailFlowTableViewCell.swift */; };
		E075373920283FF000C68424 /* LGNormalDetailFlowCollectionViewCell.swift in Sources */ = {isa = PBXBuildFile; fileRef = E075373820283FF000C68424 /* LGNormalDetailFlowCollectionViewCell.swift */; };
		E075373B20284FB600C68424 /* LGNormalDetailInfoTableViewCell.swift in Sources */ = {isa = PBXBuildFile; fileRef = E075373A20284FB600C68424 /* LGNormalDetailInfoTableViewCell.swift */; };
		E0762373202B2DE40073968F /* LGCreditCheckFlowViewController.swift in Sources */ = {isa = PBXBuildFile; fileRef = E0762372202B2DE40073968F /* LGCreditCheckFlowViewController.swift */; };
		E077C79620215E8600DDEDC0 /* LGRecommendDetailCreditTableViewCell.swift in Sources */ = {isa = PBXBuildFile; fileRef = E077C79520215E8600DDEDC0 /* LGRecommendDetailCreditTableViewCell.swift */; };
		E077C7982021A1D400DDEDC0 /* LGDropDownMenu.swift in Sources */ = {isa = PBXBuildFile; fileRef = E077C7972021A1D400DDEDC0 /* LGDropDownMenu.swift */; };
		E077C79A2021A90600DDEDC0 /* LGDropBarCollectionViewCell.swift in Sources */ = {isa = PBXBuildFile; fileRef = E077C7992021A90600DDEDC0 /* LGDropBarCollectionViewCell.swift */; };
		E08496F920245AAE00AF701F /* LGHud.swift in Sources */ = {isa = PBXBuildFile; fileRef = E08496F820245AAE00AF701F /* LGHud.swift */; };
		E0879195202938D300E2D4DA /* Options.swift in Sources */ = {isa = PBXBuildFile; fileRef = E0879194202938D300E2D4DA /* Options.swift */; };
		E08E8D2C201C1F2E008A4FCC /* LGMineTableViewCell.swift in Sources */ = {isa = PBXBuildFile; fileRef = E08E8D2B201C1F2E008A4FCC /* LGMineTableViewCell.swift */; };
		E08E8D2E201C5E42008A4FCC /* LGMineButtonCollectionViewCell.swift in Sources */ = {isa = PBXBuildFile; fileRef = E08E8D2D201C5E42008A4FCC /* LGMineButtonCollectionViewCell.swift */; };
		E08E8D30201C689A008A4FCC /* LGCreditCheckTableViewCell.swift in Sources */ = {isa = PBXBuildFile; fileRef = E08E8D2F201C689A008A4FCC /* LGCreditCheckTableViewCell.swift */; };
		E08E8D32201C6F18008A4FCC /* LGHotProductTableViewCell.swift in Sources */ = {isa = PBXBuildFile; fileRef = E08E8D31201C6F18008A4FCC /* LGHotProductTableViewCell.swift */; };
		E0906C6C20295250007DE25E /* LGHomeBannerModel.swift in Sources */ = {isa = PBXBuildFile; fileRef = E0906C6B20295250007DE25E /* LGHomeBannerModel.swift */; };
		E099E79F20381079001AB41F /* LGReportHeadTableViewCell.swift in Sources */ = {isa = PBXBuildFile; fileRef = E099E79E20381079001AB41F /* LGReportHeadTableViewCell.swift */; };
		E099E7A220381A29001AB41F /* LGCreditView.swift in Sources */ = {isa = PBXBuildFile; fileRef = E099E7A120381A29001AB41F /* LGCreditView.swift */; };
		E0B0419B202495DB002F6CDC /* LGChangePasswordViewController.swift in Sources */ = {isa = PBXBuildFile; fileRef = E0B0419A202495DB002F6CDC /* LGChangePasswordViewController.swift */; };
		E0B213992023F7DF000DEA4F /* LGHomeModel.swift in Sources */ = {isa = PBXBuildFile; fileRef = E0B213982023F7DF000DEA4F /* LGHomeModel.swift */; };
		E0B2139D2023F866000DEA4F /* LGHomeService.swift in Sources */ = {isa = PBXBuildFile; fileRef = E0B2139C2023F866000DEA4F /* LGHomeService.swift */; };
		E0B2139F202401D4000DEA4F /* LGLoanProductModel.swift in Sources */ = {isa = PBXBuildFile; fileRef = E0B2139E202401D4000DEA4F /* LGLoanProductModel.swift */; };
		E0C8BBD6201B112F000D56F1 /* AppDelegate.swift in Sources */ = {isa = PBXBuildFile; fileRef = E0C8BBD5201B112F000D56F1 /* AppDelegate.swift */; };
		E0C8BBDD201B112F000D56F1 /* Assets.xcassets in Resources */ = {isa = PBXBuildFile; fileRef = E0C8BBDC201B112F000D56F1 /* Assets.xcassets */; };
		E0C8BBE0201B112F000D56F1 /* LaunchScreen.storyboard in Resources */ = {isa = PBXBuildFile; fileRef = E0C8BBDE201B112F000D56F1 /* LaunchScreen.storyboard */; };
		E0C8BBF0201B1489000D56F1 /* LGTabBarController.swift in Sources */ = {isa = PBXBuildFile; fileRef = E0C8BBEF201B1489000D56F1 /* LGTabBarController.swift */; };
		E0C8BBF3201B14BD000D56F1 /* LGHomeViewController.swift in Sources */ = {isa = PBXBuildFile; fileRef = E0C8BBF2201B14BD000D56F1 /* LGHomeViewController.swift */; };
		E0D26B8C203855DA0078F0B3 /* LGReportProfileTableViewCell.swift in Sources */ = {isa = PBXBuildFile; fileRef = E0D26B8B203855DA0078F0B3 /* LGReportProfileTableViewCell.swift */; };
		E0D8E297203513100027D34A /* LGRecommendCodeViewController.swift in Sources */ = {isa = PBXBuildFile; fileRef = E0D8E296203513100027D34A /* LGRecommendCodeViewController.swift */; };
		E0D8E299203564630027D34A /* LGCreditCheckPayViewController.swift in Sources */ = {isa = PBXBuildFile; fileRef = E0D8E298203564630027D34A /* LGCreditCheckPayViewController.swift */; };
		E0D8E29B20356D0E0027D34A /* LGCreditBankModel.swift in Sources */ = {isa = PBXBuildFile; fileRef = E0D8E29A20356D0E0027D34A /* LGCreditBankModel.swift */; };
		E0DEDD032033CB9C0025F4AF /* LGCreditZhimaViewController.swift in Sources */ = {isa = PBXBuildFile; fileRef = E0DEDD022033CB9C0025F4AF /* LGCreditZhimaViewController.swift */; };
		E0DEDD052033D01C0025F4AF /* LGCreditCheckModel.swift in Sources */ = {isa = PBXBuildFile; fileRef = E0DEDD042033D01C0025F4AF /* LGCreditCheckModel.swift */; };
		E0E173B72026BC040081B7C3 /* LGLoanService.swift in Sources */ = {isa = PBXBuildFile; fileRef = E0E173B62026BC040081B7C3 /* LGLoanService.swift */; };
		E0E173BB2026C1670081B7C3 /* LGLoanModel.swift in Sources */ = {isa = PBXBuildFile; fileRef = E0E173BA2026C1670081B7C3 /* LGLoanModel.swift */; };
		E0E93A2D20242EE800992FB3 /* LGUserService.swift in Sources */ = {isa = PBXBuildFile; fileRef = E0E93A2C20242EE800992FB3 /* LGUserService.swift */; };
		E0E93A2F20242F1300992FB3 /* LGUserModel.swift in Sources */ = {isa = PBXBuildFile; fileRef = E0E93A2E20242F1300992FB3 /* LGUserModel.swift */; };
		E0E93A312024316900992FB3 /* Notification.swift in Sources */ = {isa = PBXBuildFile; fileRef = E0E93A302024316900992FB3 /* Notification.swift */; };
		E0F83BBB202FD3BB00F8C2BB /* Enum.swift in Sources */ = {isa = PBXBuildFile; fileRef = E0F83BBA202FD3BB00F8C2BB /* Enum.swift */; };
		E0F94FE52033C0B800DD917F /* LGWebViewController.swift in Sources */ = {isa = PBXBuildFile; fileRef = E0F94FE42033C0B800DD917F /* LGWebViewController.swift */; };
		E0FBCC182025689E00BC7DCC /* LGSettingViewController.swift in Sources */ = {isa = PBXBuildFile; fileRef = E0FBCC172025689E00BC7DCC /* LGSettingViewController.swift */; };
		E0FBCC1B202569D400BC7DCC /* LGSettingTableViewCell.swift in Sources */ = {isa = PBXBuildFile; fileRef = E0FBCC1A202569D400BC7DCC /* LGSettingTableViewCell.swift */; };
		E0FBCC1D202569DF00BC7DCC /* LGLogoutTableViewCell.swift in Sources */ = {isa = PBXBuildFile; fileRef = E0FBCC1C202569DF00BC7DCC /* LGLogoutTableViewCell.swift */; };
		E0FBCC202025936500BC7DCC /* LGAboutUsTableViewController.swift in Sources */ = {isa = PBXBuildFile; fileRef = E0FBCC1F2025936500BC7DCC /* LGAboutUsTableViewController.swift */; };
		E0FBCC222025937300BC7DCC /* LGFeedBackTableViewController.swift in Sources */ = {isa = PBXBuildFile; fileRef = E0FBCC212025937300BC7DCC /* LGFeedBackTableViewController.swift */; };
		E0FCD02D2026DCFC00412CA4 /* LGCreditCarService.swift in Sources */ = {isa = PBXBuildFile; fileRef = E0FCD02C2026DCFC00412CA4 /* LGCreditCarService.swift */; };
		E0FCD02F2026DF2100412CA4 /* LGCreditProductModel.swift in Sources */ = {isa = PBXBuildFile; fileRef = E0FCD02E2026DF2100412CA4 /* LGCreditProductModel.swift */; };
		E0FCD0312026E07E00412CA4 /* LGCreditModel.swift in Sources */ = {isa = PBXBuildFile; fileRef = E0FCD0302026E07E00412CA4 /* LGCreditModel.swift */; };
		E0FCD0352026E64600412CA4 /* LGEmptyTableViewCell.swift in Sources */ = {isa = PBXBuildFile; fileRef = E0FCD0342026E64600412CA4 /* LGEmptyTableViewCell.swift */; };
/* End PBXBuildFile section */

/* Begin PBXFileReference section */
		0E1300D9DCCA8CBF86015E27 /* Pods-LoanGuide.debug.xcconfig */ = {isa = PBXFileReference; includeInIndex = 1; lastKnownFileType = text.xcconfig; name = "Pods-LoanGuide.debug.xcconfig"; path = "Pods/Target Support Files/Pods-LoanGuide/Pods-LoanGuide.debug.xcconfig"; sourceTree = "<group>"; };
		59662C5D04089F1B2208BDD1 /* Pods_LoanGuide.framework */ = {isa = PBXFileReference; explicitFileType = wrapper.framework; includeInIndex = 0; path = Pods_LoanGuide.framework; sourceTree = BUILT_PRODUCTS_DIR; };
		8486B5F612A0B340D9DAD6BB /* Pods-LoanGuide.release.xcconfig */ = {isa = PBXFileReference; includeInIndex = 1; lastKnownFileType = text.xcconfig; name = "Pods-LoanGuide.release.xcconfig"; path = "Pods/Target Support Files/Pods-LoanGuide/Pods-LoanGuide.release.xcconfig"; sourceTree = "<group>"; };
		E00774D920269ACF00350BE1 /* LGRecordViewController.swift */ = {isa = PBXFileReference; lastKnownFileType = sourcecode.swift; path = LGRecordViewController.swift; sourceTree = "<group>"; };
		E00EE00520390D7B00F7A21C /* LGReportSectionTitleTableViewCell.swift */ = {isa = PBXFileReference; lastKnownFileType = sourcecode.swift; path = LGReportSectionTitleTableViewCell.swift; sourceTree = "<group>"; };
		E00EFB9E201D76610022F77D /* LGSignupViewController.swift */ = {isa = PBXFileReference; lastKnownFileType = sourcecode.swift; path = LGSignupViewController.swift; sourceTree = "<group>"; };
		E011E5F12023092F00FC3BF0 /* LGProductDetailViewController.swift */ = {isa = PBXFileReference; lastKnownFileType = sourcecode.swift; path = LGProductDetailViewController.swift; sourceTree = "<group>"; };
		E011E5F32023419100FC3BF0 /* LGProductDetailTableViewCell.swift */ = {isa = PBXFileReference; lastKnownFileType = sourcecode.swift; path = LGProductDetailTableViewCell.swift; sourceTree = "<group>"; };
		E0173BC5203140510036D814 /* LGCreditService.swift */ = {isa = PBXFileReference; lastKnownFileType = sourcecode.swift; path = LGCreditService.swift; sourceTree = "<group>"; };
		E017C4572022A55800884929 /* LGCreditCardTableViewCell.swift */ = {isa = PBXFileReference; lastKnownFileType = sourcecode.swift; path = LGCreditCardTableViewCell.swift; sourceTree = "<group>"; };
		E028664120302EEE00D0AC54 /* String+Index.swift */ = {isa = PBXFileReference; lastKnownFileType = sourcecode.swift; path = "String+Index.swift"; sourceTree = "<group>"; };
		E02AB1B1201F088F00F90E69 /* LGVericationViewController.swift */ = {isa = PBXFileReference; lastKnownFileType = sourcecode.swift; path = LGVericationViewController.swift; sourceTree = "<group>"; };
		E02AB1B3201F09F300F90E69 /* LGVericationTableViewCell.swift */ = {isa = PBXFileReference; lastKnownFileType = sourcecode.swift; path = LGVericationTableViewCell.swift; sourceTree = "<group>"; };
		E02AB1B5201F0D5000F90E69 /* LGRecommendDetailViewController.swift */ = {isa = PBXFileReference; lastKnownFileType = sourcecode.swift; path = LGRecommendDetailViewController.swift; sourceTree = "<group>"; };
		E02AB1B7201F0D9E00F90E69 /* LGNormalDetailViewController.swift */ = {isa = PBXFileReference; lastKnownFileType = sourcecode.swift; path = LGNormalDetailViewController.swift; sourceTree = "<group>"; };
		E02AB1BA201F121300F90E69 /* LGRecommendDetailHeadTableViewCell.swift */ = {isa = PBXFileReference; lastKnownFileType = sourcecode.swift; path = LGRecommendDetailHeadTableViewCell.swift; sourceTree = "<group>"; };
		E030DA0920399F400006AB89 /* LGReportContentTableViewCell.swift */ = {isa = PBXFileReference; lastKnownFileType = sourcecode.swift; path = LGReportContentTableViewCell.swift; sourceTree = "<group>"; };
		E030DA0B2039A3F60006AB89 /* LGReportRecordTableViewCell.swift */ = {isa = PBXFileReference; lastKnownFileType = sourcecode.swift; path = LGReportRecordTableViewCell.swift; sourceTree = "<group>"; };
		E030DA0D2039A9620006AB89 /* LGReportApplyTableViewCell.swift */ = {isa = PBXFileReference; lastKnownFileType = sourcecode.swift; path = LGReportApplyTableViewCell.swift; sourceTree = "<group>"; };
		E030DA0F2039A96F0006AB89 /* LGReportRecommendTableViewCell.swift */ = {isa = PBXFileReference; lastKnownFileType = sourcecode.swift; path = LGReportRecommendTableViewCell.swift; sourceTree = "<group>"; };
		E0380F9E2022B5680029EF12 /* LGNormalDetailHeadTableViewCell.swift */ = {isa = PBXFileReference; lastKnownFileType = sourcecode.swift; path = LGNormalDetailHeadTableViewCell.swift; sourceTree = "<group>"; };
		E03F6447202ECAAE00F20DB6 /* LGQRCodeViewController.swift */ = {isa = PBXFileReference; lastKnownFileType = sourcecode.swift; path = LGQRCodeViewController.swift; sourceTree = "<group>"; };
		E03F88B7201B665400862C53 /* LGHomeTableHeaderView.swift */ = {isa = PBXFileReference; lastKnownFileType = sourcecode.swift; path = LGHomeTableHeaderView.swift; sourceTree = "<group>"; };
		E03F88BA201B6D6500862C53 /* LGRecommendTableViewCell.swift */ = {isa = PBXFileReference; lastKnownFileType = sourcecode.swift; path = LGRecommendTableViewCell.swift; sourceTree = "<group>"; };
		E041FF3A20380BE6001C7DFD /* LGReportViewController.swift */ = {isa = PBXFileReference; lastKnownFileType = sourcecode.swift; path = LGReportViewController.swift; sourceTree = "<group>"; };
		E0422519202BDE7000196A1F /* LGCreditCheckFlowTableViewCell.swift */ = {isa = PBXFileReference; lastKnownFileType = sourcecode.swift; path = LGCreditCheckFlowTableViewCell.swift; sourceTree = "<group>"; };
		E0463DDB20271EDF004F1CD1 /* LGUserAgreementViewController.swift */ = {isa = PBXFileReference; lastKnownFileType = sourcecode.swift; path = LGUserAgreementViewController.swift; sourceTree = "<group>"; };
		E04BAB63201CC7BA00DB5421 /* LGLoginViewController.swift */ = {isa = PBXFileReference; lastKnownFileType = sourcecode.swift; path = LGLoginViewController.swift; sourceTree = "<group>"; };
		E04C75B92022F54100F56F0B /* LGNormalDetailContentTableViewCell.swift */ = {isa = PBXFileReference; lastKnownFileType = sourcecode.swift; path = LGNormalDetailContentTableViewCell.swift; sourceTree = "<group>"; };
		E04C75BB2022F7B500F56F0B /* LGNormalDetailApplyTableViewCell.swift */ = {isa = PBXFileReference; lastKnownFileType = sourcecode.swift; path = LGNormalDetailApplyTableViewCell.swift; sourceTree = "<group>"; };
		E04C75BE2023035600F56F0B /* LGHttpService.swift */ = {isa = PBXFileReference; lastKnownFileType = sourcecode.swift; path = LGHttpService.swift; sourceTree = "<group>"; };
		E04EE514202E7EEB00718AA5 /* LGCreditCheckInfoTableViewCell.swift */ = {isa = PBXFileReference; lastKnownFileType = sourcecode.swift; path = LGCreditCheckInfoTableViewCell.swift; sourceTree = "<group>"; };
		E04EE516202E8CCF00718AA5 /* LGCreditCheckVericationViewController.swift */ = {isa = PBXFileReference; lastKnownFileType = sourcecode.swift; path = LGCreditCheckVericationViewController.swift; sourceTree = "<group>"; };
		E04EE518202E8D3100718AA5 /* LGCreditCheckAgreementTableViewCell.swift */ = {isa = PBXFileReference; lastKnownFileType = sourcecode.swift; path = LGCreditCheckAgreementTableViewCell.swift; sourceTree = "<group>"; };
		E0532D2220259B2300020ED1 /* LGMineService.swift */ = {isa = PBXFileReference; lastKnownFileType = sourcecode.swift; path = LGMineService.swift; sourceTree = "<group>"; };
		E0532D2420259EAD00020ED1 /* LGQuestionViewController.swift */ = {isa = PBXFileReference; lastKnownFileType = sourcecode.swift; path = LGQuestionViewController.swift; sourceTree = "<group>"; };
		E0532D262025A06400020ED1 /* LGMineModel.swift */ = {isa = PBXFileReference; lastKnownFileType = sourcecode.swift; path = LGMineModel.swift; sourceTree = "<group>"; };
		E0532D282025A08A00020ED1 /* LGQuestionModel.swift */ = {isa = PBXFileReference; lastKnownFileType = sourcecode.swift; path = LGQuestionModel.swift; sourceTree = "<group>"; };
		E0532D2B2025AA1400020ED1 /* LGQuestionHeaderTableViewCell.swift */ = {isa = PBXFileReference; lastKnownFileType = sourcecode.swift; path = LGQuestionHeaderTableViewCell.swift; sourceTree = "<group>"; };
		E0532D2D2025AA2700020ED1 /* LGQuestionContentTableViewCell.swift */ = {isa = PBXFileReference; lastKnownFileType = sourcecode.swift; path = LGQuestionContentTableViewCell.swift; sourceTree = "<group>"; };
		E0532D2F2025AA3500020ED1 /* LGQuestionQuestionTableViewCell.swift */ = {isa = PBXFileReference; lastKnownFileType = sourcecode.swift; path = LGQuestionQuestionTableViewCell.swift; sourceTree = "<group>"; };
		E0532D312025DA8900020ED1 /* LGMessageViewController.swift */ = {isa = PBXFileReference; lastKnownFileType = sourcecode.swift; path = LGMessageViewController.swift; sourceTree = "<group>"; };
		E0532D332025DBB000020ED1 /* LGMessageTableViewCell.swift */ = {isa = PBXFileReference; lastKnownFileType = sourcecode.swift; path = LGMessageTableViewCell.swift; sourceTree = "<group>"; };
		E0532D352025E39F00020ED1 /* LGMessageModel.swift */ = {isa = PBXFileReference; lastKnownFileType = sourcecode.swift; path = LGMessageModel.swift; sourceTree = "<group>"; };
		E053F3AE201B276A0066FD1E /* LGNavigationController.swift */ = {isa = PBXFileReference; lastKnownFileType = sourcecode.swift; path = LGNavigationController.swift; sourceTree = "<group>"; };
		E053F3B0201B27910066FD1E /* Define.swift */ = {isa = PBXFileReference; lastKnownFileType = sourcecode.swift; path = Define.swift; sourceTree = "<group>"; };
		E053F3B2201B2AD90066FD1E /* LGLoanViewController.swift */ = {isa = PBXFileReference; lastKnownFileType = sourcecode.swift; path = LGLoanViewController.swift; sourceTree = "<group>"; };
		E053F3B4201B2B010066FD1E /* LGCreditCardViewController.swift */ = {isa = PBXFileReference; lastKnownFileType = sourcecode.swift; path = LGCreditCardViewController.swift; sourceTree = "<group>"; };
		E053F3B6201B2B090066FD1E /* LGMineViewController.swift */ = {isa = PBXFileReference; lastKnownFileType = sourcecode.swift; path = LGMineViewController.swift; sourceTree = "<group>"; };
		E058D3B620429D0700AFA063 /* libMiPushSDK.a */ = {isa = PBXFileReference; lastKnownFileType = archive.ar; path = libMiPushSDK.a; sourceTree = "<group>"; };
		E058D3B720429D0700AFA063 /* MiPushSDK.h */ = {isa = PBXFileReference; fileEncoding = 4; lastKnownFileType = sourcecode.c.h; path = MiPushSDK.h; sourceTree = "<group>"; };
		E058D3B920429E3600AFA063 /* UserNotifications.framework */ = {isa = PBXFileReference; lastKnownFileType = wrapper.framework; name = UserNotifications.framework; path = System/Library/Frameworks/UserNotifications.framework; sourceTree = SDKROOT; };
		E058D3BB20429E7500AFA063 /* libresolv.tbd */ = {isa = PBXFileReference; lastKnownFileType = "sourcecode.text-based-dylib-definition"; name = libresolv.tbd; path = usr/lib/libresolv.tbd; sourceTree = SDKROOT; };
		E058D3BD20429E7F00AFA063 /* libxml2.tbd */ = {isa = PBXFileReference; lastKnownFileType = "sourcecode.text-based-dylib-definition"; name = libxml2.tbd; path = usr/lib/libxml2.tbd; sourceTree = SDKROOT; };
		E058D3BF20429E8700AFA063 /* libz.tbd */ = {isa = PBXFileReference; lastKnownFileType = "sourcecode.text-based-dylib-definition"; name = libz.tbd; path = usr/lib/libz.tbd; sourceTree = SDKROOT; };
		E058D3C120429EA800AFA063 /* SystemConfiguration.framework */ = {isa = PBXFileReference; lastKnownFileType = wrapper.framework; name = SystemConfiguration.framework; path = System/Library/Frameworks/SystemConfiguration.framework; sourceTree = SDKROOT; };
		E058D3C320429EB200AFA063 /* MobileCoreServices.framework */ = {isa = PBXFileReference; lastKnownFileType = wrapper.framework; name = MobileCoreServices.framework; path = System/Library/Frameworks/MobileCoreServices.framework; sourceTree = SDKROOT; };
		E058D3C520429EED00AFA063 /* CFNetwork.framework */ = {isa = PBXFileReference; lastKnownFileType = wrapper.framework; name = CFNetwork.framework; path = System/Library/Frameworks/CFNetwork.framework; sourceTree = SDKROOT; };
		E058D3C720429EF800AFA063 /* CoreTelephony.framework */ = {isa = PBXFileReference; lastKnownFileType = wrapper.framework; name = CoreTelephony.framework; path = System/Library/Frameworks/CoreTelephony.framework; sourceTree = SDKROOT; };
		E058D3C920429EFE00AFA063 /* LoanGuide.entitlements */ = {isa = PBXFileReference; lastKnownFileType = text.plist.entitlements; path = LoanGuide.entitlements; sourceTree = "<group>"; };
		E05BA3D02020A3D800E2D53D /* LGRecommendTitleTableViewCell.swift */ = {isa = PBXFileReference; lastKnownFileType = sourcecode.swift; path = LGRecommendTitleTableViewCell.swift; sourceTree = "<group>"; };
		E05BA3D22020AA6D00E2D53D /* LGRecommendDetailInfoTableViewCell.swift */ = {isa = PBXFileReference; lastKnownFileType = sourcecode.swift; path = LGRecommendDetailInfoTableViewCell.swift; sourceTree = "<group>"; };
		E05DDEC2203CFE9D00D44395 /* LGCreditReportModel.swift */ = {isa = PBXFileReference; lastKnownFileType = sourcecode.swift; path = LGCreditReportModel.swift; sourceTree = "<group>"; };
		E0600C2B2021E3980007B732 /* LGDropMenuTableViewCell.swift */ = {isa = PBXFileReference; lastKnownFileType = sourcecode.swift; path = LGDropMenuTableViewCell.swift; sourceTree = "<group>"; };
		E067CF51201F5B0E001193FD /* LGRecommendCheckDetailTableViewCell.swift */ = {isa = PBXFileReference; lastKnownFileType = sourcecode.swift; path = LGRecommendCheckDetailTableViewCell.swift; sourceTree = "<group>"; };
		E072DB92201B2DA000368FD3 /* LGViewController.swift */ = {isa = PBXFileReference; lastKnownFileType = sourcecode.swift; path = LGViewController.swift; sourceTree = "<group>"; };
		E07537342027583E00C68424 /* LGLoanFlowModel.swift */ = {isa = PBXFileReference; lastKnownFileType = sourcecode.swift; path = LGLoanFlowModel.swift; sourceTree = "<group>"; };
		E075373620283B9F00C68424 /* LGNormalDetailFlowTableViewCell.swift */ = {isa = PBXFileReference; lastKnownFileType = sourcecode.swift; path = LGNormalDetailFlowTableViewCell.swift; sourceTree = "<group>"; };
		E075373820283FF000C68424 /* LGNormalDetailFlowCollectionViewCell.swift */ = {isa = PBXFileReference; lastKnownFileType = sourcecode.swift; path = LGNormalDetailFlowCollectionViewCell.swift; sourceTree = "<group>"; };
		E075373A20284FB600C68424 /* LGNormalDetailInfoTableViewCell.swift */ = {isa = PBXFileReference; lastKnownFileType = sourcecode.swift; path = LGNormalDetailInfoTableViewCell.swift; sourceTree = "<group>"; };
		E0762372202B2DE40073968F /* LGCreditCheckFlowViewController.swift */ = {isa = PBXFileReference; lastKnownFileType = sourcecode.swift; path = LGCreditCheckFlowViewController.swift; sourceTree = "<group>"; };
		E077C79520215E8600DDEDC0 /* LGRecommendDetailCreditTableViewCell.swift */ = {isa = PBXFileReference; lastKnownFileType = sourcecode.swift; path = LGRecommendDetailCreditTableViewCell.swift; sourceTree = "<group>"; };
		E077C7972021A1D400DDEDC0 /* LGDropDownMenu.swift */ = {isa = PBXFileReference; lastKnownFileType = sourcecode.swift; path = LGDropDownMenu.swift; sourceTree = "<group>"; };
		E077C7992021A90600DDEDC0 /* LGDropBarCollectionViewCell.swift */ = {isa = PBXFileReference; lastKnownFileType = sourcecode.swift; path = LGDropBarCollectionViewCell.swift; sourceTree = "<group>"; };
		E08496F820245AAE00AF701F /* LGHud.swift */ = {isa = PBXFileReference; lastKnownFileType = sourcecode.swift; path = LGHud.swift; sourceTree = "<group>"; };
		E0879194202938D300E2D4DA /* Options.swift */ = {isa = PBXFileReference; lastKnownFileType = sourcecode.swift; path = Options.swift; sourceTree = "<group>"; };
		E08E8D2B201C1F2E008A4FCC /* LGMineTableViewCell.swift */ = {isa = PBXFileReference; lastKnownFileType = sourcecode.swift; path = LGMineTableViewCell.swift; sourceTree = "<group>"; };
		E08E8D2D201C5E42008A4FCC /* LGMineButtonCollectionViewCell.swift */ = {isa = PBXFileReference; lastKnownFileType = sourcecode.swift; path = LGMineButtonCollectionViewCell.swift; sourceTree = "<group>"; };
		E08E8D2F201C689A008A4FCC /* LGCreditCheckTableViewCell.swift */ = {isa = PBXFileReference; lastKnownFileType = sourcecode.swift; path = LGCreditCheckTableViewCell.swift; sourceTree = "<group>"; };
		E08E8D31201C6F18008A4FCC /* LGHotProductTableViewCell.swift */ = {isa = PBXFileReference; lastKnownFileType = sourcecode.swift; path = LGHotProductTableViewCell.swift; sourceTree = "<group>"; };
		E0906C6B20295250007DE25E /* LGHomeBannerModel.swift */ = {isa = PBXFileReference; lastKnownFileType = sourcecode.swift; path = LGHomeBannerModel.swift; sourceTree = "<group>"; };
		E099E79E20381079001AB41F /* LGReportHeadTableViewCell.swift */ = {isa = PBXFileReference; lastKnownFileType = sourcecode.swift; path = LGReportHeadTableViewCell.swift; sourceTree = "<group>"; };
		E099E7A120381A29001AB41F /* LGCreditView.swift */ = {isa = PBXFileReference; lastKnownFileType = sourcecode.swift; path = LGCreditView.swift; sourceTree = "<group>"; };
		E0B0419A202495DB002F6CDC /* LGChangePasswordViewController.swift */ = {isa = PBXFileReference; lastKnownFileType = sourcecode.swift; path = LGChangePasswordViewController.swift; sourceTree = "<group>"; };
		E0B213982023F7DF000DEA4F /* LGHomeModel.swift */ = {isa = PBXFileReference; lastKnownFileType = sourcecode.swift; path = LGHomeModel.swift; sourceTree = "<group>"; };
		E0B2139C2023F866000DEA4F /* LGHomeService.swift */ = {isa = PBXFileReference; lastKnownFileType = sourcecode.swift; path = LGHomeService.swift; sourceTree = "<group>"; };
		E0B2139E202401D4000DEA4F /* LGLoanProductModel.swift */ = {isa = PBXFileReference; lastKnownFileType = sourcecode.swift; path = LGLoanProductModel.swift; sourceTree = "<group>"; };
		E0C8BBD2201B112F000D56F1 /* LoanGuide.app */ = {isa = PBXFileReference; explicitFileType = wrapper.application; includeInIndex = 0; path = LoanGuide.app; sourceTree = BUILT_PRODUCTS_DIR; };
		E0C8BBD5201B112F000D56F1 /* AppDelegate.swift */ = {isa = PBXFileReference; lastKnownFileType = sourcecode.swift; path = AppDelegate.swift; sourceTree = "<group>"; };
		E0C8BBDC201B112F000D56F1 /* Assets.xcassets */ = {isa = PBXFileReference; lastKnownFileType = folder.assetcatalog; path = Assets.xcassets; sourceTree = "<group>"; };
		E0C8BBDF201B112F000D56F1 /* Base */ = {isa = PBXFileReference; lastKnownFileType = file.storyboard; name = Base; path = Base.lproj/LaunchScreen.storyboard; sourceTree = "<group>"; };
		E0C8BBE1201B112F000D56F1 /* Info.plist */ = {isa = PBXFileReference; lastKnownFileType = text.plist.xml; path = Info.plist; sourceTree = "<group>"; };
		E0C8BBEF201B1489000D56F1 /* LGTabBarController.swift */ = {isa = PBXFileReference; lastKnownFileType = sourcecode.swift; path = LGTabBarController.swift; sourceTree = "<group>"; };
		E0C8BBF2201B14BD000D56F1 /* LGHomeViewController.swift */ = {isa = PBXFileReference; lastKnownFileType = sourcecode.swift; path = LGHomeViewController.swift; sourceTree = "<group>"; };
		E0D26B8B203855DA0078F0B3 /* LGReportProfileTableViewCell.swift */ = {isa = PBXFileReference; lastKnownFileType = sourcecode.swift; path = LGReportProfileTableViewCell.swift; sourceTree = "<group>"; };
		E0D8E296203513100027D34A /* LGRecommendCodeViewController.swift */ = {isa = PBXFileReference; lastKnownFileType = sourcecode.swift; path = LGRecommendCodeViewController.swift; sourceTree = "<group>"; };
		E0D8E298203564630027D34A /* LGCreditCheckPayViewController.swift */ = {isa = PBXFileReference; lastKnownFileType = sourcecode.swift; path = LGCreditCheckPayViewController.swift; sourceTree = "<group>"; };
		E0D8E29A20356D0E0027D34A /* LGCreditBankModel.swift */ = {isa = PBXFileReference; lastKnownFileType = sourcecode.swift; path = LGCreditBankModel.swift; sourceTree = "<group>"; };
		E0DEDD022033CB9C0025F4AF /* LGCreditZhimaViewController.swift */ = {isa = PBXFileReference; lastKnownFileType = sourcecode.swift; path = LGCreditZhimaViewController.swift; sourceTree = "<group>"; };
		E0DEDD042033D01C0025F4AF /* LGCreditCheckModel.swift */ = {isa = PBXFileReference; lastKnownFileType = sourcecode.swift; path = LGCreditCheckModel.swift; sourceTree = "<group>"; };
		E0E173B62026BC040081B7C3 /* LGLoanService.swift */ = {isa = PBXFileReference; lastKnownFileType = sourcecode.swift; path = LGLoanService.swift; sourceTree = "<group>"; };
		E0E173BA2026C1670081B7C3 /* LGLoanModel.swift */ = {isa = PBXFileReference; lastKnownFileType = sourcecode.swift; path = LGLoanModel.swift; sourceTree = "<group>"; };
		E0E93A2C20242EE800992FB3 /* LGUserService.swift */ = {isa = PBXFileReference; lastKnownFileType = sourcecode.swift; path = LGUserService.swift; sourceTree = "<group>"; };
		E0E93A2E20242F1300992FB3 /* LGUserModel.swift */ = {isa = PBXFileReference; lastKnownFileType = sourcecode.swift; path = LGUserModel.swift; sourceTree = "<group>"; };
		E0E93A302024316900992FB3 /* Notification.swift */ = {isa = PBXFileReference; lastKnownFileType = sourcecode.swift; path = Notification.swift; sourceTree = "<group>"; };
		E0F5E057203BB76500142AB1 /* LoanGuide-Bridging-Header.h */ = {isa = PBXFileReference; lastKnownFileType = sourcecode.c.h; path = "LoanGuide-Bridging-Header.h"; sourceTree = "<group>"; };
		E0F83BBA202FD3BB00F8C2BB /* Enum.swift */ = {isa = PBXFileReference; lastKnownFileType = sourcecode.swift; path = Enum.swift; sourceTree = "<group>"; };
		E0F94FE42033C0B800DD917F /* LGWebViewController.swift */ = {isa = PBXFileReference; lastKnownFileType = sourcecode.swift; path = LGWebViewController.swift; sourceTree = "<group>"; };
		E0FBCC172025689E00BC7DCC /* LGSettingViewController.swift */ = {isa = PBXFileReference; lastKnownFileType = sourcecode.swift; path = LGSettingViewController.swift; sourceTree = "<group>"; };
		E0FBCC1A202569D400BC7DCC /* LGSettingTableViewCell.swift */ = {isa = PBXFileReference; lastKnownFileType = sourcecode.swift; path = LGSettingTableViewCell.swift; sourceTree = "<group>"; };
		E0FBCC1C202569DF00BC7DCC /* LGLogoutTableViewCell.swift */ = {isa = PBXFileReference; lastKnownFileType = sourcecode.swift; path = LGLogoutTableViewCell.swift; sourceTree = "<group>"; };
		E0FBCC1F2025936500BC7DCC /* LGAboutUsTableViewController.swift */ = {isa = PBXFileReference; lastKnownFileType = sourcecode.swift; path = LGAboutUsTableViewController.swift; sourceTree = "<group>"; };
		E0FBCC212025937300BC7DCC /* LGFeedBackTableViewController.swift */ = {isa = PBXFileReference; lastKnownFileType = sourcecode.swift; path = LGFeedBackTableViewController.swift; sourceTree = "<group>"; };
		E0FCD02C2026DCFC00412CA4 /* LGCreditCarService.swift */ = {isa = PBXFileReference; lastKnownFileType = sourcecode.swift; path = LGCreditCarService.swift; sourceTree = "<group>"; };
		E0FCD02E2026DF2100412CA4 /* LGCreditProductModel.swift */ = {isa = PBXFileReference; lastKnownFileType = sourcecode.swift; path = LGCreditProductModel.swift; sourceTree = "<group>"; };
		E0FCD0302026E07E00412CA4 /* LGCreditModel.swift */ = {isa = PBXFileReference; lastKnownFileType = sourcecode.swift; path = LGCreditModel.swift; sourceTree = "<group>"; };
		E0FCD0342026E64600412CA4 /* LGEmptyTableViewCell.swift */ = {isa = PBXFileReference; lastKnownFileType = sourcecode.swift; path = LGEmptyTableViewCell.swift; sourceTree = "<group>"; };
/* End PBXFileReference section */

/* Begin PBXFrameworksBuildPhase section */
		E0C8BBCF201B112F000D56F1 /* Frameworks */ = {
			isa = PBXFrameworksBuildPhase;
			buildActionMask = 2147483647;
			files = (
				E058D3C820429EF800AFA063 /* CoreTelephony.framework in Frameworks */,
				E058D3C620429EED00AFA063 /* CFNetwork.framework in Frameworks */,
				E058D3C420429EB200AFA063 /* MobileCoreServices.framework in Frameworks */,
				E058D3C220429EA800AFA063 /* SystemConfiguration.framework in Frameworks */,
				E058D3C020429E8700AFA063 /* libz.tbd in Frameworks */,
				E058D3BE20429E7F00AFA063 /* libxml2.tbd in Frameworks */,
				E058D3BC20429E7500AFA063 /* libresolv.tbd in Frameworks */,
				E058D3BA20429E3600AFA063 /* UserNotifications.framework in Frameworks */,
				E058D3B820429D0700AFA063 /* libMiPushSDK.a in Frameworks */,
				0E5809374FDD054CEE2192BC /* Pods_LoanGuide.framework in Frameworks */,
			);
			runOnlyForDeploymentPostprocessing = 0;
		};
/* End PBXFrameworksBuildPhase section */

/* Begin PBXGroup section */
		9AED0EAA5C08A2DE3ECC674A /* Pods */ = {
			isa = PBXGroup;
			children = (
				0E1300D9DCCA8CBF86015E27 /* Pods-LoanGuide.debug.xcconfig */,
				8486B5F612A0B340D9DAD6BB /* Pods-LoanGuide.release.xcconfig */,
			);
			name = Pods;
			sourceTree = "<group>";
		};
		D297B0FC6E59D2BFFE6BF569 /* Frameworks */ = {
			isa = PBXGroup;
			children = (
				E058D3C720429EF800AFA063 /* CoreTelephony.framework */,
				E058D3C520429EED00AFA063 /* CFNetwork.framework */,
				E058D3C320429EB200AFA063 /* MobileCoreServices.framework */,
				E058D3C120429EA800AFA063 /* SystemConfiguration.framework */,
				E058D3BF20429E8700AFA063 /* libz.tbd */,
				E058D3BD20429E7F00AFA063 /* libxml2.tbd */,
				E058D3BB20429E7500AFA063 /* libresolv.tbd */,
				E058D3B920429E3600AFA063 /* UserNotifications.framework */,
				59662C5D04089F1B2208BDD1 /* Pods_LoanGuide.framework */,
			);
			name = Frameworks;
			sourceTree = "<group>";
		};
		E00774DB20269AFB00350BE1 /* Login */ = {
			isa = PBXGroup;
			children = (
				E04BAB63201CC7BA00DB5421 /* LGLoginViewController.swift */,
				E00EFB9E201D76610022F77D /* LGSignupViewController.swift */,
				E0B0419A202495DB002F6CDC /* LGChangePasswordViewController.swift */,
				E0463DDB20271EDF004F1CD1 /* LGUserAgreementViewController.swift */,
			);
			path = Login;
			sourceTree = "<group>";
		};
		E00EE00720391DA200F7A21C /* Report */ = {
			isa = PBXGroup;
			children = (
				E099E79E20381079001AB41F /* LGReportHeadTableViewCell.swift */,
				E0D26B8B203855DA0078F0B3 /* LGReportProfileTableViewCell.swift */,
				E00EE00520390D7B00F7A21C /* LGReportSectionTitleTableViewCell.swift */,
				E030DA0920399F400006AB89 /* LGReportContentTableViewCell.swift */,
				E030DA0B2039A3F60006AB89 /* LGReportRecordTableViewCell.swift */,
				E030DA0D2039A9620006AB89 /* LGReportApplyTableViewCell.swift */,
				E030DA0F2039A96F0006AB89 /* LGReportRecommendTableViewCell.swift */,
			);
			path = Report;
			sourceTree = "<group>";
		};
		E02609F020418F1A00EF498B /* Credit */ = {
			isa = PBXGroup;
			children = (
				E0DEDD042033D01C0025F4AF /* LGCreditCheckModel.swift */,
				E05DDEC2203CFE9D00D44395 /* LGCreditReportModel.swift */,
			);
			path = Credit;
			sourceTree = "<group>";
		};
		E02AB1B9201F11F000F90E69 /* RecommendDetail */ = {
			isa = PBXGroup;
			children = (
				E02AB1BA201F121300F90E69 /* LGRecommendDetailHeadTableViewCell.swift */,
				E067CF51201F5B0E001193FD /* LGRecommendCheckDetailTableViewCell.swift */,
				E05BA3D02020A3D800E2D53D /* LGRecommendTitleTableViewCell.swift */,
				E05BA3D22020AA6D00E2D53D /* LGRecommendDetailInfoTableViewCell.swift */,
				E077C79520215E8600DDEDC0 /* LGRecommendDetailCreditTableViewCell.swift */,
				E011E5F32023419100FC3BF0 /* LGProductDetailTableViewCell.swift */,
			);
			path = RecommendDetail;
			sourceTree = "<group>";
		};
		E0380F9D2022B2010029EF12 /* NormalDetail */ = {
			isa = PBXGroup;
			children = (
				E0380F9E2022B5680029EF12 /* LGNormalDetailHeadTableViewCell.swift */,
				E04C75B92022F54100F56F0B /* LGNormalDetailContentTableViewCell.swift */,
				E04C75BB2022F7B500F56F0B /* LGNormalDetailApplyTableViewCell.swift */,
				E075373620283B9F00C68424 /* LGNormalDetailFlowTableViewCell.swift */,
				E075373820283FF000C68424 /* LGNormalDetailFlowCollectionViewCell.swift */,
				E075373A20284FB600C68424 /* LGNormalDetailInfoTableViewCell.swift */,
			);
			path = NormalDetail;
			sourceTree = "<group>";
		};
		E03F88B9201B6D2600862C53 /* Cell */ = {
			isa = PBXGroup;
			children = (
				E03F88BA201B6D6500862C53 /* LGRecommendTableViewCell.swift */,
				E08E8D2F201C689A008A4FCC /* LGCreditCheckTableViewCell.swift */,
				E08E8D31201C6F18008A4FCC /* LGHotProductTableViewCell.swift */,
			);
			path = Cell;
			sourceTree = "<group>";
		};
		E0422518202BDE5400196A1F /* Credit */ = {
			isa = PBXGroup;
			children = (
				E099E7A120381A29001AB41F /* LGCreditView.swift */,
				E099E7A0203819FF001AB41F /* Cell */,
			);
			path = Credit;
			sourceTree = "<group>";
		};
		E04C75BD2023032400F56F0B /* Service */ = {
			isa = PBXGroup;
			children = (
				E0B2139B2023F85A000DEA4F /* Service */,
				E0B2139A2023F84B000DEA4F /* BaseService */,
			);
			path = Service;
			sourceTree = "<group>";
		};
		E0532D2A2025A9F800020ED1 /* Question */ = {
			isa = PBXGroup;
			children = (
				E0532D2B2025AA1400020ED1 /* LGQuestionHeaderTableViewCell.swift */,
				E0532D2F2025AA3500020ED1 /* LGQuestionQuestionTableViewCell.swift */,
				E0532D2D2025AA2700020ED1 /* LGQuestionContentTableViewCell.swift */,
			);
			path = Question;
			sourceTree = "<group>";
		};
		E053F3A2201B26E60066FD1E /* Other */ = {
			isa = PBXGroup;
			children = (
				E0C8BBDC201B112F000D56F1 /* Assets.xcassets */,
				E0C8BBE1201B112F000D56F1 /* Info.plist */,
			);
			path = Other;
			sourceTree = "<group>";
		};
		E053F3A3201B27000066FD1E /* Loan */ = {
			isa = PBXGroup;
			children = (
				E053F3B2201B2AD90066FD1E /* LGLoanViewController.swift */,
				E02AB1B5201F0D5000F90E69 /* LGRecommendDetailViewController.swift */,
				E02AB1B7201F0D9E00F90E69 /* LGNormalDetailViewController.swift */,
				E011E5F12023092F00FC3BF0 /* LGProductDetailViewController.swift */,
			);
			path = Loan;
			sourceTree = "<group>";
		};
		E053F3A4201B27110066FD1E /* CreditCard */ = {
			isa = PBXGroup;
			children = (
				E053F3B4201B2B010066FD1E /* LGCreditCardViewController.swift */,
			);
			path = CreditCard;
			sourceTree = "<group>";
		};
		E053F3A5201B27260066FD1E /* Mine */ = {
			isa = PBXGroup;
			children = (
				E053F3B6201B2B090066FD1E /* LGMineViewController.swift */,
				E02AB1B1201F088F00F90E69 /* LGVericationViewController.swift */,
				E0532D2420259EAD00020ED1 /* LGQuestionViewController.swift */,
				E0532D312025DA8900020ED1 /* LGMessageViewController.swift */,
				E00774D920269ACF00350BE1 /* LGRecordViewController.swift */,
				E03F6447202ECAAE00F20DB6 /* LGQRCodeViewController.swift */,
				E00774DB20269AFB00350BE1 /* Login */,
				E0FBCC1E2025934D00BC7DCC /* Setting */,
			);
			path = Mine;
			sourceTree = "<group>";
		};
		E053F3A6201B273D0066FD1E /* Loan */ = {
			isa = PBXGroup;
			children = (
				E02AB1B9201F11F000F90E69 /* RecommendDetail */,
				E0380F9D2022B2010029EF12 /* NormalDetail */,
				E077C79B2021ADAA00DDEDC0 /* DropDownMenu */,
			);
			path = Loan;
			sourceTree = "<group>";
		};
		E053F3A7201B273D0066FD1E /* Mine */ = {
			isa = PBXGroup;
			children = (
				E08E8D2A201C1F16008A4FCC /* Cell */,
			);
			path = Mine;
			sourceTree = "<group>";
		};
		E053F3A8201B273D0066FD1E /* CreditCard */ = {
			isa = PBXGroup;
			children = (
				E017C4572022A55800884929 /* LGCreditCardTableViewCell.swift */,
			);
			path = CreditCard;
			sourceTree = "<group>";
		};
		E053F3A9201B273D0066FD1E /* Home */ = {
			isa = PBXGroup;
			children = (
				E03F88B7201B665400862C53 /* LGHomeTableHeaderView.swift */,
				E03F88B9201B6D2600862C53 /* Cell */,
			);
			path = Home;
			sourceTree = "<group>";
		};
		E053F3AA201B27490066FD1E /* Home */ = {
			isa = PBXGroup;
			children = (
				E0B213982023F7DF000DEA4F /* LGHomeModel.swift */,
				E0906C6B20295250007DE25E /* LGHomeBannerModel.swift */,
			);
			path = Home;
			sourceTree = "<group>";
		};
		E053F3AB201B27490066FD1E /* Loan */ = {
			isa = PBXGroup;
			children = (
				E0E173BA2026C1670081B7C3 /* LGLoanModel.swift */,
				E0B2139E202401D4000DEA4F /* LGLoanProductModel.swift */,
				E07537342027583E00C68424 /* LGLoanFlowModel.swift */,
			);
			path = Loan;
			sourceTree = "<group>";
		};
		E053F3AC201B27490066FD1E /* CreditCard */ = {
			isa = PBXGroup;
			children = (
				E0FCD0302026E07E00412CA4 /* LGCreditModel.swift */,
				E0FCD02E2026DF2100412CA4 /* LGCreditProductModel.swift */,
				E0D8E29A20356D0E0027D34A /* LGCreditBankModel.swift */,
			);
			path = CreditCard;
			sourceTree = "<group>";
		};
		E053F3AD201B27490066FD1E /* Mine */ = {
			isa = PBXGroup;
			children = (
				E0532D262025A06400020ED1 /* LGMineModel.swift */,
				E0E93A2E20242F1300992FB3 /* LGUserModel.swift */,
				E0532D282025A08A00020ED1 /* LGQuestionModel.swift */,
				E0532D352025E39F00020ED1 /* LGMessageModel.swift */,
			);
			path = Mine;
			sourceTree = "<group>";
		};
		E058D3B420429CEC00AFA063 /* Lib */ = {
			isa = PBXGroup;
			children = (
				E058D3B520429CFC00AFA063 /* MiPush */,
			);
			path = Lib;
			sourceTree = "<group>";
		};
		E058D3B520429CFC00AFA063 /* MiPush */ = {
			isa = PBXGroup;
			children = (
				E058D3B620429D0700AFA063 /* libMiPushSDK.a */,
				E058D3B720429D0700AFA063 /* MiPushSDK.h */,
			);
			path = MiPush;
			sourceTree = "<group>";
		};
		E0762371202B2DC80073968F /* Credit */ = {
			isa = PBXGroup;
			children = (
				E0762372202B2DE40073968F /* LGCreditCheckFlowViewController.swift */,
				E04EE516202E8CCF00718AA5 /* LGCreditCheckVericationViewController.swift */,
				E0DEDD022033CB9C0025F4AF /* LGCreditZhimaViewController.swift */,
				E0D8E296203513100027D34A /* LGRecommendCodeViewController.swift */,
				E0D8E298203564630027D34A /* LGCreditCheckPayViewController.swift */,
				E041FF3A20380BE6001C7DFD /* LGReportViewController.swift */,
			);
			path = Credit;
			sourceTree = "<group>";
		};
		E077C79B2021ADAA00DDEDC0 /* DropDownMenu */ = {
			isa = PBXGroup;
			children = (
				E077C7972021A1D400DDEDC0 /* LGDropDownMenu.swift */,
				E077C7992021A90600DDEDC0 /* LGDropBarCollectionViewCell.swift */,
				E0600C2B2021E3980007B732 /* LGDropMenuTableViewCell.swift */,
			);
			path = DropDownMenu;
			sourceTree = "<group>";
		};
		E08496F720245A9300AF701F /* Share */ = {
			isa = PBXGroup;
			children = (
				E08496F820245AAE00AF701F /* LGHud.swift */,
				E0FCD0342026E64600412CA4 /* LGEmptyTableViewCell.swift */,
			);
			path = Share;
			sourceTree = "<group>";
		};
		E08E8D2A201C1F16008A4FCC /* Cell */ = {
			isa = PBXGroup;
			children = (
				E08E8D2B201C1F2E008A4FCC /* LGMineTableViewCell.swift */,
				E08E8D2D201C5E42008A4FCC /* LGMineButtonCollectionViewCell.swift */,
				E02AB1B3201F09F300F90E69 /* LGVericationTableViewCell.swift */,
				E0532D332025DBB000020ED1 /* LGMessageTableViewCell.swift */,
				E0532D2A2025A9F800020ED1 /* Question */,
				E0FBCC19202569BD00BC7DCC /* Setting */,
			);
			path = Cell;
			sourceTree = "<group>";
		};
		E099E7A0203819FF001AB41F /* Cell */ = {
			isa = PBXGroup;
			children = (
				E0422519202BDE7000196A1F /* LGCreditCheckFlowTableViewCell.swift */,
				E04EE514202E7EEB00718AA5 /* LGCreditCheckInfoTableViewCell.swift */,
				E04EE518202E8D3100718AA5 /* LGCreditCheckAgreementTableViewCell.swift */,
				E00EE00720391DA200F7A21C /* Report */,
			);
			path = Cell;
			sourceTree = "<group>";
		};
		E0B2139A2023F84B000DEA4F /* BaseService */ = {
			isa = PBXGroup;
			children = (
				E04C75BE2023035600F56F0B /* LGHttpService.swift */,
			);
			path = BaseService;
			sourceTree = "<group>";
		};
		E0B2139B2023F85A000DEA4F /* Service */ = {
			isa = PBXGroup;
			children = (
				E0B2139C2023F866000DEA4F /* LGHomeService.swift */,
				E0E173B62026BC040081B7C3 /* LGLoanService.swift */,
				E0FCD02C2026DCFC00412CA4 /* LGCreditCarService.swift */,
				E0532D2220259B2300020ED1 /* LGMineService.swift */,
				E0E93A2C20242EE800992FB3 /* LGUserService.swift */,
				E0173BC5203140510036D814 /* LGCreditService.swift */,
			);
			path = Service;
			sourceTree = "<group>";
		};
		E0C8BBC9201B112F000D56F1 = {
			isa = PBXGroup;
			children = (
				E058D3C920429EFE00AFA063 /* LoanGuide.entitlements */,
				E0C8BBD4201B112F000D56F1 /* Class */,
				E053F3A2201B26E60066FD1E /* Other */,
				E058D3B420429CEC00AFA063 /* Lib */,
				E0C8BBD3201B112F000D56F1 /* Products */,
				9AED0EAA5C08A2DE3ECC674A /* Pods */,
				D297B0FC6E59D2BFFE6BF569 /* Frameworks */,
			);
			sourceTree = "<group>";
		};
		E0C8BBD3201B112F000D56F1 /* Products */ = {
			isa = PBXGroup;
			children = (
				E0C8BBD2201B112F000D56F1 /* LoanGuide.app */,
			);
			name = Products;
			sourceTree = "<group>";
		};
		E0C8BBD4201B112F000D56F1 /* Class */ = {
			isa = PBXGroup;
			children = (
				E0C8BBE8201B1319000D56F1 /* Controller */,
				E0C8BBEB201B1375000D56F1 /* View */,
				E0C8BBEC201B137D000D56F1 /* Model */,
				E04C75BD2023032400F56F0B /* Service */,
				E0C8BBEE201B139A000D56F1 /* Frame */,
				E0C8BBED201B1385000D56F1 /* Util */,
				E0C8BBE7201B124F000D56F1 /* App */,
			);
			path = Class;
			sourceTree = "<group>";
		};
		E0C8BBE7201B124F000D56F1 /* App */ = {
			isa = PBXGroup;
			children = (
				E0C8BBD5201B112F000D56F1 /* AppDelegate.swift */,
				E0C8BBDE201B112F000D56F1 /* LaunchScreen.storyboard */,
				E0F5E057203BB76500142AB1 /* LoanGuide-Bridging-Header.h */,
			);
			path = App;
			sourceTree = "<group>";
		};
		E0C8BBE8201B1319000D56F1 /* Controller */ = {
			isa = PBXGroup;
			children = (
				E0C8BBF1201B14B0000D56F1 /* Home */,
				E053F3A3201B27000066FD1E /* Loan */,
				E053F3A4201B27110066FD1E /* CreditCard */,
				E053F3A5201B27260066FD1E /* Mine */,
				E0762371202B2DC80073968F /* Credit */,
			);
			path = Controller;
			sourceTree = "<group>";
		};
		E0C8BBEB201B1375000D56F1 /* View */ = {
			isa = PBXGroup;
			children = (
				E053F3A9201B273D0066FD1E /* Home */,
				E053F3A6201B273D0066FD1E /* Loan */,
				E053F3A8201B273D0066FD1E /* CreditCard */,
				E053F3A7201B273D0066FD1E /* Mine */,
				E0422518202BDE5400196A1F /* Credit */,
				E08496F720245A9300AF701F /* Share */,
			);
			path = View;
			sourceTree = "<group>";
		};
		E0C8BBEC201B137D000D56F1 /* Model */ = {
			isa = PBXGroup;
			children = (
				E053F3AA201B27490066FD1E /* Home */,
				E053F3AB201B27490066FD1E /* Loan */,
				E053F3AC201B27490066FD1E /* CreditCard */,
				E053F3AD201B27490066FD1E /* Mine */,
				E02609F020418F1A00EF498B /* Credit */,
			);
			path = Model;
			sourceTree = "<group>";
		};
		E0C8BBED201B1385000D56F1 /* Util */ = {
			isa = PBXGroup;
			children = (
				E053F3B0201B27910066FD1E /* Define.swift */,
				E0E93A302024316900992FB3 /* Notification.swift */,
				E0879194202938D300E2D4DA /* Options.swift */,
				E0F83BBA202FD3BB00F8C2BB /* Enum.swift */,
			);
			path = Util;
			sourceTree = "<group>";
		};
		E0C8BBEE201B139A000D56F1 /* Frame */ = {
			isa = PBXGroup;
			children = (
				E0C8BBEF201B1489000D56F1 /* LGTabBarController.swift */,
				E053F3AE201B276A0066FD1E /* LGNavigationController.swift */,
				E072DB92201B2DA000368FD3 /* LGViewController.swift */,
				E028664120302EEE00D0AC54 /* String+Index.swift */,
				E0F94FE42033C0B800DD917F /* LGWebViewController.swift */,
			);
			path = Frame;
			sourceTree = "<group>";
		};
		E0C8BBF1201B14B0000D56F1 /* Home */ = {
			isa = PBXGroup;
			children = (
				E0C8BBF2201B14BD000D56F1 /* LGHomeViewController.swift */,
			);
			path = Home;
			sourceTree = "<group>";
		};
		E0FBCC19202569BD00BC7DCC /* Setting */ = {
			isa = PBXGroup;
			children = (
				E0FBCC1A202569D400BC7DCC /* LGSettingTableViewCell.swift */,
				E0FBCC1C202569DF00BC7DCC /* LGLogoutTableViewCell.swift */,
			);
			path = Setting;
			sourceTree = "<group>";
		};
		E0FBCC1E2025934D00BC7DCC /* Setting */ = {
			isa = PBXGroup;
			children = (
				E0FBCC172025689E00BC7DCC /* LGSettingViewController.swift */,
				E0FBCC1F2025936500BC7DCC /* LGAboutUsTableViewController.swift */,
				E0FBCC212025937300BC7DCC /* LGFeedBackTableViewController.swift */,
			);
			path = Setting;
			sourceTree = "<group>";
		};
/* End PBXGroup section */

/* Begin PBXNativeTarget section */
		E0C8BBD1201B112F000D56F1 /* LoanGuide */ = {
			isa = PBXNativeTarget;
			buildConfigurationList = E0C8BBE4201B112F000D56F1 /* Build configuration list for PBXNativeTarget "LoanGuide" */;
			buildPhases = (
				95D7F3C49F06DD942D2DA220 /* [CP] Check Pods Manifest.lock */,
				E0C8BBCE201B112F000D56F1 /* Sources */,
				E0C8BBCF201B112F000D56F1 /* Frameworks */,
				E0C8BBD0201B112F000D56F1 /* Resources */,
				0C4CD1A6856CF42BF48F2530 /* [CP] Embed Pods Frameworks */,
				DCD3CA0BFE77DB2C543DFA59 /* [CP] Copy Pods Resources */,
			);
			buildRules = (
			);
			dependencies = (
			);
			name = LoanGuide;
			productName = ModengWallet;
			productReference = E0C8BBD2201B112F000D56F1 /* LoanGuide.app */;
			productType = "com.apple.product-type.application";
		};
/* End PBXNativeTarget section */

/* Begin PBXProject section */
		E0C8BBCA201B112F000D56F1 /* Project object */ = {
			isa = PBXProject;
			attributes = {
				CLASSPREFIX = LG;
				LastSwiftUpdateCheck = 0920;
				LastUpgradeCheck = 0920;
				ORGANIZATIONNAME = Zhishu;
				TargetAttributes = {
					E0C8BBD1201B112F000D56F1 = {
						CreatedOnToolsVersion = 9.2;
						ProvisioningStyle = Manual;
						SystemCapabilities = {
							com.apple.Push = {
								enabled = 1;
							};
						};
					};
				};
			};
			buildConfigurationList = E0C8BBCD201B112F000D56F1 /* Build configuration list for PBXProject "LoanGuide" */;
			compatibilityVersion = "Xcode 8.0";
			developmentRegion = en;
			hasScannedForEncodings = 0;
			knownRegions = (
				en,
				Base,
			);
			mainGroup = E0C8BBC9201B112F000D56F1;
			productRefGroup = E0C8BBD3201B112F000D56F1 /* Products */;
			projectDirPath = "";
			projectRoot = "";
			targets = (
				E0C8BBD1201B112F000D56F1 /* LoanGuide */,
			);
		};
/* End PBXProject section */

/* Begin PBXResourcesBuildPhase section */
		E0C8BBD0201B112F000D56F1 /* Resources */ = {
			isa = PBXResourcesBuildPhase;
			buildActionMask = 2147483647;
			files = (
				E0C8BBE0201B112F000D56F1 /* LaunchScreen.storyboard in Resources */,
				E0C8BBDD201B112F000D56F1 /* Assets.xcassets in Resources */,
			);
			runOnlyForDeploymentPostprocessing = 0;
		};
/* End PBXResourcesBuildPhase section */

/* Begin PBXShellScriptBuildPhase section */
		0C4CD1A6856CF42BF48F2530 /* [CP] Embed Pods Frameworks */ = {
			isa = PBXShellScriptBuildPhase;
			buildActionMask = 2147483647;
			files = (
			);
			inputPaths = (
				"${SRCROOT}/Pods/Target Support Files/Pods-LoanGuide/Pods-LoanGuide-frameworks.sh",
				"${BUILT_PRODUCTS_DIR}/Alamofire/Alamofire.framework",
				"${BUILT_PRODUCTS_DIR}/BEMCheckBox/BEMCheckBox.framework",
				"${BUILT_PRODUCTS_DIR}/BRPickerView/BRPickerView.framework",
				"${BUILT_PRODUCTS_DIR}/CocoaSecurity/CocoaSecurity.framework",
				"${BUILT_PRODUCTS_DIR}/FSTextView/FSTextView.framework",
				"${BUILT_PRODUCTS_DIR}/Kingfisher/Kingfisher.framework",
				"${BUILT_PRODUCTS_DIR}/MBProgressHUD/MBProgressHUD.framework",
				"${BUILT_PRODUCTS_DIR}/MJExtension/MJExtension.framework",
				"${BUILT_PRODUCTS_DIR}/MJRefresh/MJRefresh.framework",
				"${BUILT_PRODUCTS_DIR}/RxWebViewController/RxWebViewController.framework",
				"${BUILT_PRODUCTS_DIR}/SnapKit/SnapKit.framework",
				"${BUILT_PRODUCTS_DIR}/SwiftyJSON/SwiftyJSON.framework",
				"${BUILT_PRODUCTS_DIR}/TPKeyboardAvoiding/TPKeyboardAvoiding.framework",
				"${BUILT_PRODUCTS_DIR}/UIColor_Hex_Swift/UIColor_Hex_Swift.framework",
			);
			name = "[CP] Embed Pods Frameworks";
			outputPaths = (
				"${TARGET_BUILD_DIR}/${FRAMEWORKS_FOLDER_PATH}/Alamofire.framework",
				"${TARGET_BUILD_DIR}/${FRAMEWORKS_FOLDER_PATH}/BEMCheckBox.framework",
				"${TARGET_BUILD_DIR}/${FRAMEWORKS_FOLDER_PATH}/BRPickerView.framework",
				"${TARGET_BUILD_DIR}/${FRAMEWORKS_FOLDER_PATH}/CocoaSecurity.framework",
				"${TARGET_BUILD_DIR}/${FRAMEWORKS_FOLDER_PATH}/FSTextView.framework",
				"${TARGET_BUILD_DIR}/${FRAMEWORKS_FOLDER_PATH}/Kingfisher.framework",
				"${TARGET_BUILD_DIR}/${FRAMEWORKS_FOLDER_PATH}/MBProgressHUD.framework",
				"${TARGET_BUILD_DIR}/${FRAMEWORKS_FOLDER_PATH}/MJExtension.framework",
				"${TARGET_BUILD_DIR}/${FRAMEWORKS_FOLDER_PATH}/MJRefresh.framework",
				"${TARGET_BUILD_DIR}/${FRAMEWORKS_FOLDER_PATH}/RxWebViewController.framework",
				"${TARGET_BUILD_DIR}/${FRAMEWORKS_FOLDER_PATH}/SnapKit.framework",
				"${TARGET_BUILD_DIR}/${FRAMEWORKS_FOLDER_PATH}/SwiftyJSON.framework",
				"${TARGET_BUILD_DIR}/${FRAMEWORKS_FOLDER_PATH}/TPKeyboardAvoiding.framework",
				"${TARGET_BUILD_DIR}/${FRAMEWORKS_FOLDER_PATH}/UIColor_Hex_Swift.framework",
			);
			runOnlyForDeploymentPostprocessing = 0;
			shellPath = /bin/sh;
			shellScript = "\"${SRCROOT}/Pods/Target Support Files/Pods-LoanGuide/Pods-LoanGuide-frameworks.sh\"\n";
			showEnvVarsInLog = 0;
		};
		95D7F3C49F06DD942D2DA220 /* [CP] Check Pods Manifest.lock */ = {
			isa = PBXShellScriptBuildPhase;
			buildActionMask = 2147483647;
			files = (
			);
			inputPaths = (
				"${PODS_PODFILE_DIR_PATH}/Podfile.lock",
				"${PODS_ROOT}/Manifest.lock",
			);
			name = "[CP] Check Pods Manifest.lock";
			outputPaths = (
				"$(DERIVED_FILE_DIR)/Pods-LoanGuide-checkManifestLockResult.txt",
			);
			runOnlyForDeploymentPostprocessing = 0;
			shellPath = /bin/sh;
			shellScript = "diff \"${PODS_PODFILE_DIR_PATH}/Podfile.lock\" \"${PODS_ROOT}/Manifest.lock\" > /dev/null\nif [ $? != 0 ] ; then\n    # print error to STDERR\n    echo \"error: The sandbox is not in sync with the Podfile.lock. Run 'pod install' or update your CocoaPods installation.\" >&2\n    exit 1\nfi\n# This output is used by Xcode 'outputs' to avoid re-running this script phase.\necho \"SUCCESS\" > \"${SCRIPT_OUTPUT_FILE_0}\"\n";
			showEnvVarsInLog = 0;
		};
		DCD3CA0BFE77DB2C543DFA59 /* [CP] Copy Pods Resources */ = {
			isa = PBXShellScriptBuildPhase;
			buildActionMask = 2147483647;
			files = (
			);
			inputPaths = (
				"${SRCROOT}/Pods/Target Support Files/Pods-LoanGuide/Pods-LoanGuide-resources.sh",
				"${PODS_ROOT}/UMengUShare/UShareSDK/UMSocialSDK/UMSocialSDKPromptResources.bundle",
			);
			name = "[CP] Copy Pods Resources";
			outputPaths = (
				"${TARGET_BUILD_DIR}/${UNLOCALIZED_RESOURCES_FOLDER_PATH}",
			);
			runOnlyForDeploymentPostprocessing = 0;
			shellPath = /bin/sh;
			shellScript = "\"${SRCROOT}/Pods/Target Support Files/Pods-LoanGuide/Pods-LoanGuide-resources.sh\"\n";
			showEnvVarsInLog = 0;
		};
/* End PBXShellScriptBuildPhase section */

/* Begin PBXSourcesBuildPhase section */
		E0C8BBCE201B112F000D56F1 /* Sources */ = {
			isa = PBXSourcesBuildPhase;
			buildActionMask = 2147483647;
			files = (
				E053F3B7201B2B090066FD1E /* LGMineViewController.swift in Sources */,
				E04BAB64201CC7BA00DB5421 /* LGLoginViewController.swift in Sources */,
				E02AB1B2201F088F00F90E69 /* LGVericationViewController.swift in Sources */,
				E03F88B8201B665400862C53 /* LGHomeTableHeaderView.swift in Sources */,
				E0D26B8C203855DA0078F0B3 /* LGReportProfileTableViewCell.swift in Sources */,
				E0879195202938D300E2D4DA /* Options.swift in Sources */,
				E030DA0E2039A9620006AB89 /* LGReportApplyTableViewCell.swift in Sources */,
				E0E173B72026BC040081B7C3 /* LGLoanService.swift in Sources */,
				E0DEDD032033CB9C0025F4AF /* LGCreditZhimaViewController.swift in Sources */,
				E067CF52201F5B0E001193FD /* LGRecommendCheckDetailTableViewCell.swift in Sources */,
				E0532D2520259EAD00020ED1 /* LGQuestionViewController.swift in Sources */,
				E017C4582022A55800884929 /* LGCreditCardTableViewCell.swift in Sources */,
				E04EE519202E8D3100718AA5 /* LGCreditCheckAgreementTableViewCell.swift in Sources */,
				E0C8BBF0201B1489000D56F1 /* LGTabBarController.swift in Sources */,
				E0532D362025E39F00020ED1 /* LGMessageModel.swift in Sources */,
				E0532D302025AA3500020ED1 /* LGQuestionQuestionTableViewCell.swift in Sources */,
				E08E8D32201C6F18008A4FCC /* LGHotProductTableViewCell.swift in Sources */,
				E030DA0C2039A3F60006AB89 /* LGReportRecordTableViewCell.swift in Sources */,
				E075373720283B9F00C68424 /* LGNormalDetailFlowTableViewCell.swift in Sources */,
				E0FBCC1D202569DF00BC7DCC /* LGLogoutTableViewCell.swift in Sources */,
				E011E5F42023419100FC3BF0 /* LGProductDetailTableViewCell.swift in Sources */,
				E0FCD0312026E07E00412CA4 /* LGCreditModel.swift in Sources */,
				E0532D292025A08A00020ED1 /* LGQuestionModel.swift in Sources */,
				E075373B20284FB600C68424 /* LGNormalDetailInfoTableViewCell.swift in Sources */,
				E042251A202BDE7000196A1F /* LGCreditCheckFlowTableViewCell.swift in Sources */,
				E04C75BF2023035600F56F0B /* LGHttpService.swift in Sources */,
				E0B0419B202495DB002F6CDC /* LGChangePasswordViewController.swift in Sources */,
				E072DB93201B2DA000368FD3 /* LGViewController.swift in Sources */,
				E0532D2E2025AA2700020ED1 /* LGQuestionContentTableViewCell.swift in Sources */,
				E05BA3D12020A3D800E2D53D /* LGRecommendTitleTableViewCell.swift in Sources */,
				E03F88BB201B6D6500862C53 /* LGRecommendTableViewCell.swift in Sources */,
				E00774DA20269ACF00350BE1 /* LGRecordViewController.swift in Sources */,
				E041FF3B20380BE6001C7DFD /* LGReportViewController.swift in Sources */,
				E08E8D2E201C5E42008A4FCC /* LGMineButtonCollectionViewCell.swift in Sources */,
				E099E7A220381A29001AB41F /* LGCreditView.swift in Sources */,
				E0532D272025A06400020ED1 /* LGMineModel.swift in Sources */,
				E0B2139F202401D4000DEA4F /* LGLoanProductModel.swift in Sources */,
				E04EE515202E7EEB00718AA5 /* LGCreditCheckInfoTableViewCell.swift in Sources */,
				E0532D342025DBB000020ED1 /* LGMessageTableViewCell.swift in Sources */,
				E077C7982021A1D400DDEDC0 /* LGDropDownMenu.swift in Sources */,
				E0463DDC20271EDF004F1CD1 /* LGUserAgreementViewController.swift in Sources */,
				E011E5F22023092F00FC3BF0 /* LGProductDetailViewController.swift in Sources */,
				E0532D322025DA8900020ED1 /* LGMessageViewController.swift in Sources */,
				E0600C2C2021E3980007B732 /* LGDropMenuTableViewCell.swift in Sources */,
				E03F6448202ECAAE00F20DB6 /* LGQRCodeViewController.swift in Sources */,
				E02AB1B8201F0D9E00F90E69 /* LGNormalDetailViewController.swift in Sources */,
				E0F94FE52033C0B800DD917F /* LGWebViewController.swift in Sources */,
				E0906C6C20295250007DE25E /* LGHomeBannerModel.swift in Sources */,
				E00EFB9F201D76610022F77D /* LGSignupViewController.swift in Sources */,
				E04C75BA2022F54100F56F0B /* LGNormalDetailContentTableViewCell.swift in Sources */,
				E099E79F20381079001AB41F /* LGReportHeadTableViewCell.swift in Sources */,
				E0762373202B2DE40073968F /* LGCreditCheckFlowViewController.swift in Sources */,
				E053F3B5201B2B010066FD1E /* LGCreditCardViewController.swift in Sources */,
				E0532D2C2025AA1400020ED1 /* LGQuestionHeaderTableViewCell.swift in Sources */,
				E0FBCC1B202569D400BC7DCC /* LGSettingTableViewCell.swift in Sources */,
				E0C8BBF3201B14BD000D56F1 /* LGHomeViewController.swift in Sources */,
				E02AB1B4201F09F300F90E69 /* LGVericationTableViewCell.swift in Sources */,
				E053F3AF201B276A0066FD1E /* LGNavigationController.swift in Sources */,
				E0D8E299203564630027D34A /* LGCreditCheckPayViewController.swift in Sources */,
				E053F3B3201B2AD90066FD1E /* LGLoanViewController.swift in Sources */,
				E075373920283FF000C68424 /* LGNormalDetailFlowCollectionViewCell.swift in Sources */,
				E0FBCC222025937300BC7DCC /* LGFeedBackTableViewController.swift in Sources */,
				E05BA3D32020AA6D00E2D53D /* LGRecommendDetailInfoTableViewCell.swift in Sources */,
				E05DDEC3203CFE9D00D44395 /* LGCreditReportModel.swift in Sources */,
				E0B2139D2023F866000DEA4F /* LGHomeService.swift in Sources */,
				E04C75BC2022F7B500F56F0B /* LGNormalDetailApplyTableViewCell.swift in Sources */,
				E030DA102039A96F0006AB89 /* LGReportRecommendTableViewCell.swift in Sources */,
				E0B213992023F7DF000DEA4F /* LGHomeModel.swift in Sources */,
				E0380F9F2022B5680029EF12 /* LGNormalDetailHeadTableViewCell.swift in Sources */,
				E0F83BBB202FD3BB00F8C2BB /* Enum.swift in Sources */,
				E0DEDD052033D01C0025F4AF /* LGCreditCheckModel.swift in Sources */,
				E0FBCC202025936500BC7DCC /* LGAboutUsTableViewController.swift in Sources */,
				E08E8D30201C689A008A4FCC /* LGCreditCheckTableViewCell.swift in Sources */,
				E07537352027583E00C68424 /* LGLoanFlowModel.swift in Sources */,
				E02AB1B6201F0D5000F90E69 /* LGRecommendDetailViewController.swift in Sources */,
				E0173BC6203140510036D814 /* LGCreditService.swift in Sources */,
				E0FCD02D2026DCFC00412CA4 /* LGCreditCarService.swift in Sources */,
				E0D8E29B20356D0E0027D34A /* LGCreditBankModel.swift in Sources */,
				E0E93A2F20242F1300992FB3 /* LGUserModel.swift in Sources */,
				E028664220302EEE00D0AC54 /* String+Index.swift in Sources */,
				E030DA0A20399F400006AB89 /* LGReportContentTableViewCell.swift in Sources */,
				E0E173BB2026C1670081B7C3 /* LGLoanModel.swift in Sources */,
				E0D8E297203513100027D34A /* LGRecommendCodeViewController.swift in Sources */,
				E0FBCC182025689E00BC7DCC /* LGSettingViewController.swift in Sources */,
				E0FCD02F2026DF2100412CA4 /* LGCreditProductModel.swift in Sources */,
				E0E93A2D20242EE800992FB3 /* LGUserService.swift in Sources */,
				E0532D2320259B2300020ED1 /* LGMineService.swift in Sources */,
				E077C79620215E8600DDEDC0 /* LGRecommendDetailCreditTableViewCell.swift in Sources */,
				E053F3B1201B27910066FD1E /* Define.swift in Sources */,
				E00EE00620390D7B00F7A21C /* LGReportSectionTitleTableViewCell.swift in Sources */,
				E077C79A2021A90600DDEDC0 /* LGDropBarCollectionViewCell.swift in Sources */,
				E0E93A312024316900992FB3 /* Notification.swift in Sources */,
				E0C8BBD6201B112F000D56F1 /* AppDelegate.swift in Sources */,
				E0FCD0352026E64600412CA4 /* LGEmptyTableViewCell.swift in Sources */,
				E02AB1BB201F121300F90E69 /* LGRecommendDetailHeadTableViewCell.swift in Sources */,
				E08E8D2C201C1F2E008A4FCC /* LGMineTableViewCell.swift in Sources */,
				E08496F920245AAE00AF701F /* LGHud.swift in Sources */,
				E04EE517202E8CCF00718AA5 /* LGCreditCheckVericationViewController.swift in Sources */,
			);
			runOnlyForDeploymentPostprocessing = 0;
		};
/* End PBXSourcesBuildPhase section */

/* Begin PBXVariantGroup section */
		E0C8BBDE201B112F000D56F1 /* LaunchScreen.storyboard */ = {
			isa = PBXVariantGroup;
			children = (
				E0C8BBDF201B112F000D56F1 /* Base */,
			);
			name = LaunchScreen.storyboard;
			sourceTree = "<group>";
		};
/* End PBXVariantGroup section */

/* Begin XCBuildConfiguration section */
		E0C8BBE2201B112F000D56F1 /* Debug */ = {
			isa = XCBuildConfiguration;
			buildSettings = {
				ALWAYS_SEARCH_USER_PATHS = NO;
				CLANG_ANALYZER_NONNULL = YES;
				CLANG_ANALYZER_NUMBER_OBJECT_CONVERSION = YES_AGGRESSIVE;
				CLANG_CXX_LANGUAGE_STANDARD = "gnu++14";
				CLANG_CXX_LIBRARY = "libc++";
				CLANG_ENABLE_MODULES = YES;
				CLANG_ENABLE_OBJC_ARC = YES;
				CLANG_WARN_BLOCK_CAPTURE_AUTORELEASING = YES;
				CLANG_WARN_BOOL_CONVERSION = YES;
				CLANG_WARN_COMMA = YES;
				CLANG_WARN_CONSTANT_CONVERSION = YES;
				CLANG_WARN_DIRECT_OBJC_ISA_USAGE = YES_ERROR;
				CLANG_WARN_DOCUMENTATION_COMMENTS = YES;
				CLANG_WARN_EMPTY_BODY = YES;
				CLANG_WARN_ENUM_CONVERSION = YES;
				CLANG_WARN_INFINITE_RECURSION = YES;
				CLANG_WARN_INT_CONVERSION = YES;
				CLANG_WARN_NON_LITERAL_NULL_CONVERSION = YES;
				CLANG_WARN_OBJC_LITERAL_CONVERSION = YES;
				CLANG_WARN_OBJC_ROOT_CLASS = YES_ERROR;
				CLANG_WARN_RANGE_LOOP_ANALYSIS = YES;
				CLANG_WARN_STRICT_PROTOTYPES = YES;
				CLANG_WARN_SUSPICIOUS_MOVE = YES;
				CLANG_WARN_UNGUARDED_AVAILABILITY = YES_AGGRESSIVE;
				CLANG_WARN_UNREACHABLE_CODE = YES;
				CLANG_WARN__DUPLICATE_METHOD_MATCH = YES;
				CODE_SIGN_IDENTITY = "iPhone Developer";
				COPY_PHASE_STRIP = NO;
				DEBUG_INFORMATION_FORMAT = dwarf;
				ENABLE_STRICT_OBJC_MSGSEND = YES;
				ENABLE_TESTABILITY = YES;
				GCC_C_LANGUAGE_STANDARD = gnu11;
				GCC_DYNAMIC_NO_PIC = NO;
				GCC_NO_COMMON_BLOCKS = YES;
				GCC_OPTIMIZATION_LEVEL = 0;
				GCC_PREPROCESSOR_DEFINITIONS = (
					"DEBUG=1",
					"$(inherited)",
				);
				GCC_WARN_64_TO_32_BIT_CONVERSION = YES;
				GCC_WARN_ABOUT_RETURN_TYPE = YES_ERROR;
				GCC_WARN_UNDECLARED_SELECTOR = YES;
				GCC_WARN_UNINITIALIZED_AUTOS = YES_AGGRESSIVE;
				GCC_WARN_UNUSED_FUNCTION = YES;
				GCC_WARN_UNUSED_VARIABLE = YES;
				IPHONEOS_DEPLOYMENT_TARGET = 11.2;
				MTL_ENABLE_DEBUG_INFO = YES;
				ONLY_ACTIVE_ARCH = YES;
				SDKROOT = iphoneos;
				SWIFT_ACTIVE_COMPILATION_CONDITIONS = DEBUG;
				SWIFT_OPTIMIZATION_LEVEL = "-Onone";
			};
			name = Debug;
		};
		E0C8BBE3201B112F000D56F1 /* Release */ = {
			isa = XCBuildConfiguration;
			buildSettings = {
				ALWAYS_SEARCH_USER_PATHS = NO;
				CLANG_ANALYZER_NONNULL = YES;
				CLANG_ANALYZER_NUMBER_OBJECT_CONVERSION = YES_AGGRESSIVE;
				CLANG_CXX_LANGUAGE_STANDARD = "gnu++14";
				CLANG_CXX_LIBRARY = "libc++";
				CLANG_ENABLE_MODULES = YES;
				CLANG_ENABLE_OBJC_ARC = YES;
				CLANG_WARN_BLOCK_CAPTURE_AUTORELEASING = YES;
				CLANG_WARN_BOOL_CONVERSION = YES;
				CLANG_WARN_COMMA = YES;
				CLANG_WARN_CONSTANT_CONVERSION = YES;
				CLANG_WARN_DIRECT_OBJC_ISA_USAGE = YES_ERROR;
				CLANG_WARN_DOCUMENTATION_COMMENTS = YES;
				CLANG_WARN_EMPTY_BODY = YES;
				CLANG_WARN_ENUM_CONVERSION = YES;
				CLANG_WARN_INFINITE_RECURSION = YES;
				CLANG_WARN_INT_CONVERSION = YES;
				CLANG_WARN_NON_LITERAL_NULL_CONVERSION = YES;
				CLANG_WARN_OBJC_LITERAL_CONVERSION = YES;
				CLANG_WARN_OBJC_ROOT_CLASS = YES_ERROR;
				CLANG_WARN_RANGE_LOOP_ANALYSIS = YES;
				CLANG_WARN_STRICT_PROTOTYPES = YES;
				CLANG_WARN_SUSPICIOUS_MOVE = YES;
				CLANG_WARN_UNGUARDED_AVAILABILITY = YES_AGGRESSIVE;
				CLANG_WARN_UNREACHABLE_CODE = YES;
				CLANG_WARN__DUPLICATE_METHOD_MATCH = YES;
				CODE_SIGN_IDENTITY = "iPhone Developer";
				COPY_PHASE_STRIP = NO;
				DEBUG_INFORMATION_FORMAT = "dwarf-with-dsym";
				ENABLE_NS_ASSERTIONS = NO;
				ENABLE_STRICT_OBJC_MSGSEND = YES;
				GCC_C_LANGUAGE_STANDARD = gnu11;
				GCC_NO_COMMON_BLOCKS = YES;
				GCC_WARN_64_TO_32_BIT_CONVERSION = YES;
				GCC_WARN_ABOUT_RETURN_TYPE = YES_ERROR;
				GCC_WARN_UNDECLARED_SELECTOR = YES;
				GCC_WARN_UNINITIALIZED_AUTOS = YES_AGGRESSIVE;
				GCC_WARN_UNUSED_FUNCTION = YES;
				GCC_WARN_UNUSED_VARIABLE = YES;
				IPHONEOS_DEPLOYMENT_TARGET = 11.2;
				MTL_ENABLE_DEBUG_INFO = NO;
				SDKROOT = iphoneos;
				SWIFT_OPTIMIZATION_LEVEL = "-Owholemodule";
				VALIDATE_PRODUCT = YES;
			};
			name = Release;
		};
		E0C8BBE5201B112F000D56F1 /* Debug */ = {
			isa = XCBuildConfiguration;
			baseConfigurationReference = 0E1300D9DCCA8CBF86015E27 /* Pods-LoanGuide.debug.xcconfig */;
			buildSettings = {
				ASSETCATALOG_COMPILER_APPICON_NAME = AppIcon;
				CODE_SIGN_ENTITLEMENTS = LoanGuide.entitlements;
				"CODE_SIGN_IDENTITY[sdk=iphoneos*]" = "iPhone Distribution";
				CODE_SIGN_STYLE = Manual;
				DEVELOPMENT_TEAM = 2EPHDXDU97;
				INFOPLIST_FILE = "$(SRCROOT)/Other/Info.plist";
				IPHONEOS_DEPLOYMENT_TARGET = 9.0;
				LD_RUNPATH_SEARCH_PATHS = "$(inherited) @executable_path/Frameworks";
				LIBRARY_SEARCH_PATHS = (
					"$(inherited)",
					"$(PROJECT_DIR)/Lib/MiPush",
				);
				MiSDKRun = debug;
				PRODUCT_BUNDLE_IDENTIFIER = com.xiaoshudian.loanguide;
				PRODUCT_NAME = "$(TARGET_NAME)";
				PROVISIONING_PROFILE = "58482846-6c1c-46b9-b119-20680ba1fd1b";
				PROVISIONING_PROFILE_SPECIFIER = com.test;
				SWIFT_OBJC_BRIDGING_HEADER = "$(SRCROOT)/Class/App/LoanGuide-Bridging-Header.h";
				SWIFT_VERSION = 4.0;
				TARGETED_DEVICE_FAMILY = 1;
			};
			name = Debug;
		};
		E0C8BBE6201B112F000D56F1 /* Release */ = {
			isa = XCBuildConfiguration;
			baseConfigurationReference = 8486B5F612A0B340D9DAD6BB /* Pods-LoanGuide.release.xcconfig */;
			buildSettings = {
				ASSETCATALOG_COMPILER_APPICON_NAME = AppIcon;
				CODE_SIGN_ENTITLEMENTS = LoanGuide.entitlements;
				"CODE_SIGN_IDENTITY[sdk=iphoneos*]" = "iPhone Distribution";
				CODE_SIGN_STYLE = Manual;
				DEVELOPMENT_TEAM = 2EPHDXDU97;
				INFOPLIST_FILE = "$(SRCROOT)/Other/Info.plist";
				IPHONEOS_DEPLOYMENT_TARGET = 9.0;
				LD_RUNPATH_SEARCH_PATHS = "$(inherited) @executable_path/Frameworks";
				LIBRARY_SEARCH_PATHS = (
					"$(inherited)",
					"$(PROJECT_DIR)/Lib/MiPush",
				);
				MiSDKRun = online;
				PRODUCT_BUNDLE_IDENTIFIER = com.xiaoshudian.loanguide;
				PRODUCT_NAME = "$(TARGET_NAME)";
				PROVISIONING_PROFILE = "58482846-6c1c-46b9-b119-20680ba1fd1b";
				PROVISIONING_PROFILE_SPECIFIER = com.test;
				SWIFT_OBJC_BRIDGING_HEADER = "$(SRCROOT)/Class/App/LoanGuide-Bridging-Header.h";
				SWIFT_VERSION = 4.0;
				TARGETED_DEVICE_FAMILY = 1;
			};
			name = Release;
		};
/* End XCBuildConfiguration section */

/* Begin XCConfigurationList section */
		E0C8BBCD201B112F000D56F1 /* Build configuration list for PBXProject "LoanGuide" */ = {
			isa = XCConfigurationList;
			buildConfigurations = (
				E0C8BBE2201B112F000D56F1 /* Debug */,
				E0C8BBE3201B112F000D56F1 /* Release */,
			);
			defaultConfigurationIsVisible = 0;
			defaultConfigurationName = Release;
		};
		E0C8BBE4201B112F000D56F1 /* Build configuration list for PBXNativeTarget "LoanGuide" */ = {
			isa = XCConfigurationList;
			buildConfigurations = (
				E0C8BBE5201B112F000D56F1 /* Debug */,
				E0C8BBE6201B112F000D56F1 /* Release */,
			);
			defaultConfigurationIsVisible = 0;
			defaultConfigurationName = Release;
		};
/* End XCConfigurationList section */
	};
	rootObject = E0C8BBCA201B112F000D56F1 /* Project object */;
}
